<?xml version="1.0" encoding="utf-8"?>
<Project ToolsVersion="4.0" xmlns="http://schemas.microsoft.com/developer/msbuild/2003">
  <ItemGroup>
    <Filter Include="Source Files">
      <UniqueIdentifier>{4FC737F1-C7A5-4376-A066-2A32D752A2FF}</UniqueIdentifier>
      <Extensions>cpp;c;cc;cxx;c++;cppm;ixx;def;odl;idl;hpj;bat;asm;asmx</Extensions>
    </Filter>
    <Filter Include="Header Files">
      <UniqueIdentifier>{93995380-89BD-4b04-88EB-625FBE52EBFB}</UniqueIdentifier>
      <Extensions>h;hh;hpp;hxx;h++;hm;inl;inc;ipp;xsd</Extensions>
    </Filter>
    <Filter Include="Resource Files">
      <UniqueIdentifier>{67DA6AB6-F800-4c08-8B7A-83BB121AAD01}</UniqueIdentifier>
      <Extensions>rc;ico;cur;bmp;dlg;rc2;rct;bin;rgs;gif;jpg;jpeg;jpe;resx;tiff;tif;png;wav;mfcribbon-ms</Extensions>
    </Filter>
    <Filter Include="Math">
      <UniqueIdentifier>{f23810f1-096c-4026-a4fd-52ad630ab5e2}</UniqueIdentifier>
    </Filter>
    <Filter Include="Fonts">
      <UniqueIdentifier>{d1b5c2a5-52f2-489c-8244-81a3cbee86a5}</UniqueIdentifier>
    </Filter>
    <Filter Include="Util">
      <UniqueIdentifier>{34ec4932-f637-4762-a033-7b1db5dfc82b}</UniqueIdentifier>
    </Filter>
    <Filter Include="Shaders">
      <UniqueIdentifier>{95cf66ba-d62f-428d-937a-2694b270287e}</UniqueIdentifier>
    </Filter>
  </ItemGroup>
  <ItemGroup>
    <ClInclude Include="pch.h">
      <Filter>Header Files</Filter>
    </ClInclude>
    <ClInclude Include="HDMCDef.h">
      <Filter>Header Files</Filter>
    </ClInclude>
    <ClInclude Include="HDMCColor.h">
      <Filter>Header Files</Filter>
    </ClInclude>
    <ClInclude Include="HDMCBitonicSort.h">
      <Filter>Header Files</Filter>
    </ClInclude>
    <ClInclude Include="HDMCBuddyAllocator.h">
      <Filter>Header Files</Filter>
    </ClInclude>
    <ClInclude Include="HDMCBufferManager.h">
      <Filter>Header Files</Filter>
    </ClInclude>
    <ClInclude Include="HDMCCamera.h">
      <Filter>Header Files</Filter>
    </ClInclude>
    <ClInclude Include="HDMCCameraController.h">
      <Filter>Header Files</Filter>
    </ClInclude>
    <ClInclude Include="HDMCColorBuffer.h">
      <Filter>Header Files</Filter>
    </ClInclude>
    <ClInclude Include="HDMCCommandAllocatorPool.h">
      <Filter>Header Files</Filter>
    </ClInclude>
    <ClInclude Include="HDMCCommandContext.h">
      <Filter>Header Files</Filter>
    </ClInclude>
    <ClInclude Include="HDMCCommandListManager.h">
      <Filter>Header Files</Filter>
    </ClInclude>
    <ClInclude Include="HDMCCommandSignature.h">
      <Filter>Header Files</Filter>
    </ClInclude>
    <ClInclude Include="HDMCCube.h">
      <Filter>Header Files</Filter>
    </ClInclude>
    <ClInclude Include="HDMCDDSTextureLoader.h">
      <Filter>Header Files</Filter>
    </ClInclude>
    <ClInclude Include="HDMCDepthBuffer.h">
      <Filter>Header Files</Filter>
    </ClInclude>
    <ClInclude Include="HDMCDepthOfField.h">
      <Filter>Header Files</Filter>
    </ClInclude>
    <ClInclude Include="HDMCDescriptorHeap.h">
      <Filter>Header Files</Filter>
    </ClInclude>
    <ClInclude Include="HDMCDisplay.h">
      <Filter>Header Files</Filter>
    </ClInclude>
    <ClInclude Include="HDMCDynamicDescriptorHeap.h">
      <Filter>Header Files</Filter>
    </ClInclude>
    <ClInclude Include="HDMCEngineProfiling.h">
      <Filter>Header Files</Filter>
    </ClInclude>
    <ClInclude Include="HDMCEngineTuning.h">
      <Filter>Header Files</Filter>
    </ClInclude>
    <ClInclude Include="HDMCEsramAllocator.h">
      <Filter>Header Files</Filter>
    </ClInclude>
    <ClInclude Include="HDMCFileUtility.h">
      <Filter>Header Files</Filter>
    </ClInclude>
    <ClInclude Include="HDMCFXAA.h">
      <Filter>Header Files</Filter>
    </ClInclude>
    <ClInclude Include="HDMCGameCore.h">
      <Filter>Header Files</Filter>
    </ClInclude>
    <ClInclude Include="HDMCGameInput.h">
      <Filter>Header Files</Filter>
    </ClInclude>
    <ClInclude Include="HDMCGpuBuffer.h">
      <Filter>Header Files</Filter>
    </ClInclude>
    <ClInclude Include="HDMCGpuResource.h">
      <Filter>Header Files</Filter>
    </ClInclude>
    <ClInclude Include="HDMCGpuTimeManager.h">
      <Filter>Header Files</Filter>
    </ClInclude>
    <ClInclude Include="HDMCGraphicsCommon.h">
      <Filter>Header Files</Filter>
    </ClInclude>
    <ClInclude Include="HDMCGraphicsCore.h">
      <Filter>Header Files</Filter>
    </ClInclude>
    <ClInclude Include="HDMCGraphRenderer.h">
      <Filter>Header Files</Filter>
    </ClInclude>
    <ClInclude Include="HDMCHash.h">
      <Filter>Header Files</Filter>
    </ClInclude>
    <ClInclude Include="HDMCImageScaling.h">
      <Filter>Header Files</Filter>
    </ClInclude>
    <ClInclude Include="HDMCLinearAllocator.h">
      <Filter>Header Files</Filter>
    </ClInclude>
    <ClInclude Include="HDMCMotionBlur.h">
      <Filter>Header Files</Filter>
    </ClInclude>
    <ClInclude Include="HDMCParticleEffect.h">
      <Filter>Header Files</Filter>
    </ClInclude>
    <ClInclude Include="HDMCParticleEffectManager.h">
      <Filter>Header Files</Filter>
    </ClInclude>
    <ClInclude Include="HDMCParticleEffectProperties.h">
      <Filter>Header Files</Filter>
    </ClInclude>
    <ClInclude Include="HDMCParticleShaderStructs.h">
      <Filter>Header Files</Filter>
    </ClInclude>
    <ClInclude Include="HDMCPipelineState.h">
      <Filter>Header Files</Filter>
    </ClInclude>
    <ClInclude Include="HDMCPixelBuffer.h">
      <Filter>Header Files</Filter>
    </ClInclude>
    <ClInclude Include="HDMCPostEffects.h">
      <Filter>Header Files</Filter>
    </ClInclude>
    <ClInclude Include="HDMCReadbackBuffer.h">
      <Filter>Header Files</Filter>
    </ClInclude>
    <ClInclude Include="HDMCRootSignature.h">
      <Filter>Header Files</Filter>
    </ClInclude>
    <ClInclude Include="HDMCSamplerManager.h">
      <Filter>Header Files</Filter>
    </ClInclude>
    <ClInclude Include="HDMCShadowBuffer.h">
      <Filter>Header Files</Filter>
    </ClInclude>
    <ClInclude Include="HDMCShadowCamera.h">
      <Filter>Header Files</Filter>
    </ClInclude>
    <ClInclude Include="HDMCSSAO.h">
      <Filter>Header Files</Filter>
    </ClInclude>
    <ClInclude Include="HDMCSystemTime.h">
      <Filter>Header Files</Filter>
    </ClInclude>
    <ClInclude Include="HDMCTemporalEffects.h">
      <Filter>Header Files</Filter>
    </ClInclude>
    <ClInclude Include="HDMCTextRenderer.h">
      <Filter>Header Files</Filter>
    </ClInclude>
    <ClInclude Include="HDMCTexture.h">
      <Filter>Header Files</Filter>
    </ClInclude>
    <ClInclude Include="HDMCTextureManager.h">
      <Filter>Header Files</Filter>
    </ClInclude>
    <ClInclude Include="HDMCUploadBuffer.h">
      <Filter>Header Files</Filter>
    </ClInclude>
    <ClInclude Include="HDMCUtility.h">
      <Filter>Header Files</Filter>
    </ClInclude>
    <ClInclude Include="HDMCVectorMath.h">
      <Filter>Header Files</Filter>
    </ClInclude>
    <ClInclude Include="Math\HDMCBoundingBox.h">
      <Filter>Math</Filter>
    </ClInclude>
    <ClInclude Include="Math\HDMCBoundingPlane.h">
      <Filter>Math</Filter>
    </ClInclude>
    <ClInclude Include="Math\HDMCBoundingSphere.h">
      <Filter>Math</Filter>
    </ClInclude>
    <ClInclude Include="Math\HDMCCommon.h">
      <Filter>Math</Filter>
    </ClInclude>
    <ClInclude Include="Math\HDMCFrustum.h">
      <Filter>Math</Filter>
    </ClInclude>
    <ClInclude Include="Math\HDMCMatrix3.h">
      <Filter>Math</Filter>
    </ClInclude>
    <ClInclude Include="Math\HDMCMatrix4.h">
      <Filter>Math</Filter>
    </ClInclude>
    <ClInclude Include="Math\HDMCQuaternion.h">
      <Filter>Math</Filter>
    </ClInclude>
    <ClInclude Include="Math\HDMCRandom.h">
      <Filter>Math</Filter>
    </ClInclude>
    <ClInclude Include="Math\HDMCScalar.h">
      <Filter>Math</Filter>
    </ClInclude>
    <ClInclude Include="Math\HDMCTransform.h">
      <Filter>Math</Filter>
    </ClInclude>
    <ClInclude Include="Math\HDMCVector.h">
      <Filter>Math</Filter>
    </ClInclude>
    <ClInclude Include="Fonts\HDMCConsola24.h">
      <Filter>Fonts</Filter>
    </ClInclude>
    <ClInclude Include="Util\HDMCCommandLineArg.h">
      <Filter>Util</Filter>
    </ClInclude>
    <ClInclude Include="d3dx12.h">
      <Filter>Header Files</Filter>
    </ClInclude>
    <ClInclude Include="dds.h">
      <Filter>Header Files</Filter>
    </ClInclude>
  </ItemGroup>
  <ItemGroup>
    <ClCompile Include="dllmain.cpp">
      <Filter>Source Files</Filter>
    </ClCompile>
    <ClCompile Include="pch.cpp">
      <Filter>Source Files</Filter>
    </ClCompile>
    <ClCompile Include="HDMCColor.cpp">
      <Filter>Source Files</Filter>
    </ClCompile>
    <ClCompile Include="Math\HDMCBoundingSphere.cpp">
      <Filter>Math</Filter>
    </ClCompile>
    <ClCompile Include="Math\HDMCFrustum.cpp">
      <Filter>Math</Filter>
    </ClCompile>
    <ClCompile Include="Math\HDMCRandom.cpp">
      <Filter>Math</Filter>
    </ClCompile>
    <ClCompile Include="Util\HDMCCommandLineArg.cpp">
      <Filter>Util</Filter>
    </ClCompile>
    <ClCompile Include="HDMCGpuBuffer.cpp">
      <Filter>Source Files</Filter>
    </ClCompile>
    <ClCompile Include="HDMCBitonicSort.cpp">
      <Filter>Source Files</Filter>
    </ClCompile>
    <ClCompile Include="HDMCBuddyAllocator.cpp">
      <Filter>Source Files</Filter>
    </ClCompile>
    <ClCompile Include="HDMCBufferManager.cpp">
      <Filter>Source Files</Filter>
    </ClCompile>
    <ClCompile Include="HDMCCamera.cpp">
      <Filter>Source Files</Filter>
    </ClCompile>
    <ClCompile Include="HDMCCameraController.cpp">
      <Filter>Source Files</Filter>
    </ClCompile>
    <ClCompile Include="HDMCColorBuffer.cpp">
      <Filter>Source Files</Filter>
    </ClCompile>
    <ClCompile Include="HDMCCommandAllocatorPool.cpp">
      <Filter>Source Files</Filter>
    </ClCompile>
    <ClCompile Include="HDMCCommandContext.cpp">
      <Filter>Source Files</Filter>
    </ClCompile>
    <ClCompile Include="HDMCCommandListManager.cpp">
      <Filter>Source Files</Filter>
    </ClCompile>
    <ClCompile Include="HDMCCommandSignature.cpp">
      <Filter>Source Files</Filter>
    </ClCompile>
    <ClCompile Include="HDMCCube.cpp">
      <Filter>Source Files</Filter>
    </ClCompile>
    <ClCompile Include="HDMCDDSTextureLoader.cpp">
      <Filter>Source Files</Filter>
    </ClCompile>
    <ClCompile Include="HDMCDepthBuffer.cpp">
      <Filter>Source Files</Filter>
    </ClCompile>
    <ClCompile Include="HDMCDepthOfField.cpp">
      <Filter>Source Files</Filter>
    </ClCompile>
    <ClCompile Include="HDMCDescriptorHeap.cpp">
      <Filter>Source Files</Filter>
    </ClCompile>
    <ClCompile Include="HDMCDisplay.cpp">
      <Filter>Source Files</Filter>
    </ClCompile>
    <ClCompile Include="HDMCDynamicDescriptorHeap.cpp">
      <Filter>Source Files</Filter>
    </ClCompile>
    <ClCompile Include="HDMCEngineProfiling.cpp">
      <Filter>Source Files</Filter>
    </ClCompile>
    <ClCompile Include="HDMCEngineTuning.cpp">
      <Filter>Source Files</Filter>
    </ClCompile>
    <ClCompile Include="HDMCFileUtility.cpp">
      <Filter>Source Files</Filter>
    </ClCompile>
    <ClCompile Include="HDMCFXAA.cpp">
      <Filter>Source Files</Filter>
    </ClCompile>
    <ClCompile Include="HDMCGameCore.cpp">
      <Filter>Source Files</Filter>
    </ClCompile>
    <ClCompile Include="HDMCGpuTimeManager.cpp">
      <Filter>Source Files</Filter>
    </ClCompile>
    <ClCompile Include="HDMCGraphicsCommon.cpp">
      <Filter>Source Files</Filter>
    </ClCompile>
    <ClCompile Include="HDMCGraphicsCore.cpp">
      <Filter>Source Files</Filter>
    </ClCompile>
    <ClCompile Include="HDMCGraphRenderer.cpp">
      <Filter>Source Files</Filter>
    </ClCompile>
    <ClCompile Include="HDMCImageScaling.cpp">
      <Filter>Source Files</Filter>
    </ClCompile>
    <ClCompile Include="HDMCInput.cpp">
      <Filter>Source Files</Filter>
    </ClCompile>
    <ClCompile Include="HDMCLinearAllocator.cpp">
      <Filter>Source Files</Filter>
    </ClCompile>
    <ClCompile Include="HDMCMotionBlur.cpp">
      <Filter>Source Files</Filter>
    </ClCompile>
    <ClCompile Include="HDMCParticleEffect.cpp">
      <Filter>Source Files</Filter>
    </ClCompile>
    <ClCompile Include="HDMCParticleEffectManager.cpp">
      <Filter>Source Files</Filter>
    </ClCompile>
    <ClCompile Include="HDMCParticleEmissionProperties.cpp">
      <Filter>Source Files</Filter>
    </ClCompile>
    <ClCompile Include="HDMCPipelineState.cpp">
      <Filter>Source Files</Filter>
    </ClCompile>
    <ClCompile Include="HDMCPixelBuffer.cpp">
      <Filter>Source Files</Filter>
    </ClCompile>
    <ClCompile Include="HDMCPostEffects.cpp">
      <Filter>Source Files</Filter>
    </ClCompile>
    <ClCompile Include="HDMCReadbackBuffer.cpp">
      <Filter>Source Files</Filter>
    </ClCompile>
    <ClCompile Include="HDMCRootSignature.cpp">
      <Filter>Source Files</Filter>
    </ClCompile>
    <ClCompile Include="HDMCSamplerManager.cpp">
      <Filter>Source Files</Filter>
    </ClCompile>
    <ClCompile Include="HDMCShadowBuffer.cpp">
      <Filter>Source Files</Filter>
    </ClCompile>
    <ClCompile Include="HDMCShadowCamera.cpp">
      <Filter>Source Files</Filter>
    </ClCompile>
    <ClCompile Include="HDMCSSAO.cpp">
      <Filter>Source Files</Filter>
    </ClCompile>
    <ClCompile Include="HDMCSystemTime.cpp">
      <Filter>Source Files</Filter>
    </ClCompile>
    <ClCompile Include="HDMCTemporalEffects.cpp">
      <Filter>Source Files</Filter>
    </ClCompile>
    <ClCompile Include="HDMCTextRenderer.cpp">
      <Filter>Source Files</Filter>
    </ClCompile>
    <ClCompile Include="HDMCTexture.cpp">
      <Filter>Source Files</Filter>
    </ClCompile>
    <ClCompile Include="HDMCTextureManager.cpp">
      <Filter>Source Files</Filter>
    </ClCompile>
    <ClCompile Include="HDMCUploadBuffer.cpp">
      <Filter>Source Files</Filter>
    </ClCompile>
    <ClCompile Include="HDMCUtility.cpp">
      <Filter>Source Files</Filter>
    </ClCompile>
  </ItemGroup>
  <ItemGroup>
    <None Include="Math\HDMCFunctions.inl">
      <Filter>Math</Filter>
    </None>
    <None Include="Shaders\AoBlurAndUpsampleCS.hlsli">
      <Filter>Shaders</Filter>
    </None>
    <None Include="Shaders\AoRenderCS.hlsli">
      <Filter>Shaders</Filter>
    </None>
    <None Include="Shaders\BicubicFilterFunctions.hlsli">
      <Filter>Shaders</Filter>
    </None>
    <None Include="Shaders\BitonicSortCommon.hlsli">
      <Filter>Shaders</Filter>
    </None>
    <None Include="Shaders\ColorSpaceUtility.hlsli">
      <Filter>Shaders</Filter>
    </None>
    <None Include="Shaders\CommonRS.hlsli">
      <Filter>Shaders</Filter>
    </None>
    <None Include="Shaders\DoFCommon.hlsli">
      <Filter>Shaders</Filter>
    </None>
    <None Include="Shaders\DoFRS.hlsli">
      <Filter>Shaders</Filter>
    </None>
    <None Include="Shaders\FXAAPass1CS.hlsli">
      <Filter>Shaders</Filter>
    </None>
    <None Include="Shaders\FXAAPass2CS.hlsli">
      <Filter>Shaders</Filter>
    </None>
    <None Include="Shaders\FXAARootSignature.hlsli">
      <Filter>Shaders</Filter>
    </None>
    <None Include="Shaders\GenerateMipsCS.hlsli">
      <Filter>Shaders</Filter>
    </None>
    <None Include="Shaders\LanczosFunctions.hlsli">
      <Filter>Shaders</Filter>
    </None>
    <None Include="Shaders\MotionBlurRS.hlsli">
      <Filter>Shaders</Filter>
    </None>
    <None Include="Shaders\ParticleRS.hlsli">
      <Filter>Shaders</Filter>
    </None>
    <None Include="Shaders\ParticleUpdateCommon.hlsli">
      <Filter>Shaders</Filter>
    </None>
    <None Include="Shaders\ParticleUtility.hlsli">
      <Filter>Shaders</Filter>
    </None>
    <None Include="Shaders\PerfGraphRS.hlsli">
      <Filter>Shaders</Filter>
    </None>
    <None Include="Shaders\PixelPacking.hlsli">
      <Filter>Shaders</Filter>
    </None>
    <None Include="Shaders\PixelPacking_R11G11B10.hlsli">
      <Filter>Shaders</Filter>
    </None>
    <None Include="Shaders\PixelPacking_RGBE.hlsli">
      <Filter>Shaders</Filter>
    </None>
    <None Include="Shaders\PixelPacking_RGBM.hlsli">
      <Filter>Shaders</Filter>
    </None>
    <None Include="Shaders\PixelPacking_Velocity.hlsli">
      <Filter>Shaders</Filter>
    </None>
    <None Include="Shaders\PostEffectsRS.hlsli">
      <Filter>Shaders</Filter>
    </None>
    <None Include="Shaders\PresentRS.hlsli">
      <Filter>Shaders</Filter>
    </None>
    <None Include="Shaders\ShaderUtility.hlsli">
      <Filter>Shaders</Filter>
    </None>
    <None Include="Shaders\SSAORS.hlsli">
      <Filter>Shaders</Filter>
    </None>
    <None Include="Shaders\TextRS.hlsli">
      <Filter>Shaders</Filter>
    </None>
    <None Include="Shaders\ToneMappingUtility.hlsli">
      <Filter>Shaders</Filter>
    </None>
    <None Include="packages.config" />
    <None Include="Readme.md" />
  </ItemGroup>
  <ItemGroup>
    <FxCompile Include="Shaders\AdaptExposureCS.hlsl">
      <Filter>Shaders</Filter>
    </FxCompile>
    <FxCompile Include="Shaders\AoBlurUpsampleBlendOutCS.hlsl">
      <Filter>Shaders</Filter>
    </FxCompile>
    <FxCompile Include="Shaders\AoBlurUpsampleCS.hlsl">
      <Filter>Shaders</Filter>
    </FxCompile>
    <FxCompile Include="Shaders\AoBlurUpsamplePreMinBlendOutCS.hlsl">
      <Filter>Shaders</Filter>
    </FxCompile>
    <FxCompile Include="Shaders\AoBlurUpsamplePreMinCS.hlsl">
      <Filter>Shaders</Filter>
    </FxCompile>
    <FxCompile Include="Shaders\AoPrepareDepthBuffers1CS.hlsl">
      <Filter>Shaders</Filter>
    </FxCompile>
    <FxCompile Include="Shaders\AoPrepareDepthBuffers2CS.hlsl">
      <Filter>Shaders</Filter>
    </FxCompile>
    <FxCompile Include="Shaders\AoRender1CS.hlsl">
      <Filter>Shaders</Filter>
    </FxCompile>
    <FxCompile Include="Shaders\AoRender2CS.hlsl">
      <Filter>Shaders</Filter>
    </FxCompile>
    <FxCompile Include="Shaders\ApplyBloom2CS.hlsl">
      <Filter>Shaders</Filter>
    </FxCompile>
    <FxCompile Include="Shaders\ApplyBloomCS.hlsl">
      <Filter>Shaders</Filter>
    </FxCompile>
    <FxCompile Include="Shaders\AverageLumaCS.hlsl">
      <Filter>Shaders</Filter>
    </FxCompile>
    <FxCompile Include="Shaders\BicubicHorizontalUpsamplePS.hlsl">
      <Filter>Shaders</Filter>
    </FxCompile>
    <FxCompile Include="Shaders\BicubicUpsampleCS.hlsl">
      <Filter>Shaders</Filter>
    </FxCompile>
    <FxCompile Include="Shaders\BicubicUpsampleFast16CS.hlsl">
      <Filter>Shaders</Filter>
    </FxCompile>
    <FxCompile Include="Shaders\BicubicUpsampleFast24CS.hlsl">
      <Filter>Shaders</Filter>
    </FxCompile>
    <FxCompile Include="Shaders\BicubicUpsampleFast32CS.hlsl">
      <Filter>Shaders</Filter>
    </FxCompile>
    <FxCompile Include="Shaders\BicubicUpsampleGammaPS.hlsl">
      <Filter>Shaders</Filter>
    </FxCompile>
    <FxCompile Include="Shaders\BicubicUpsamplePS.hlsl">
      <Filter>Shaders</Filter>
    </FxCompile>
    <FxCompile Include="Shaders\BicubicVerticalUpsamplePS.hlsl">
      <Filter>Shaders</Filter>
    </FxCompile>
    <FxCompile Include="Shaders\BilinearUpsamplePS.hlsl">
      <Filter>Shaders</Filter>
    </FxCompile>
    <FxCompile Include="Shaders\Bitonic32InnerSortCS.hlsl">
      <Filter>Shaders</Filter>
    </FxCompile>
    <FxCompile Include="Shaders\Bitonic32OuterSortCS.hlsl">
      <Filter>Shaders</Filter>
    </FxCompile>
    <FxCompile Include="Shaders\Bitonic32PreSortCS.hlsl">
      <Filter>Shaders</Filter>
    </FxCompile>
    <FxCompile Include="Shaders\Bitonic64InnerSortCS.hlsl">
      <Filter>Shaders</Filter>
    </FxCompile>
    <FxCompile Include="Shaders\Bitonic64OuterSortCS.hlsl">
      <Filter>Shaders</Filter>
    </FxCompile>
    <FxCompile Include="Shaders\Bitonic64PreSortCS.hlsl">
      <Filter>Shaders</Filter>
    </FxCompile>
    <FxCompile Include="Shaders\BitonicIndirectArgsCS.hlsl">
      <Filter>Shaders</Filter>
    </FxCompile>
    <FxCompile Include="Shaders\BlendUIHDRPS.hlsl">
      <Filter>Shaders</Filter>
    </FxCompile>
    <FxCompile Include="Shaders\BloomExtractAndDownsampleHdrCS.hlsl">
      <Filter>Shaders</Filter>
    </FxCompile>
    <FxCompile Include="Shaders\BloomExtractAndDownsampleLdrCS.hlsl">
      <Filter>Shaders</Filter>
    </FxCompile>
    <FxCompile Include="Shaders\BlurCS.hlsl">
      <Filter>Shaders</Filter>
    </FxCompile>
    <FxCompile Include="Shaders\BoundNeighborhoodCS.hlsl">
      <Filter>Shaders</Filter>
    </FxCompile>
    <FxCompile Include="Shaders\BufferCopyPS.hlsl">
      <Filter>Shaders</Filter>
    </FxCompile>
    <FxCompile Include="Shaders\CameraMotionBlurPrePassCS.hlsl">
      <Filter>Shaders</Filter>
    </FxCompile>
    <FxCompile Include="Shaders\CameraMotionBlurPrePassLinearZCS.hlsl">
      <Filter>Shaders</Filter>
    </FxCompile>
    <FxCompile Include="Shaders\CameraVelocityCS.hlsl">
      <Filter>Shaders</Filter>
    </FxCompile>
    <FxCompile Include="Shaders\CompositeHDRPS.hlsl">
      <Filter>Shaders</Filter>
    </FxCompile>
    <FxCompile Include="Shaders\CompositeSDRPS.hlsl">
      <Filter>Shaders</Filter>
    </FxCompile>
    <FxCompile Include="Shaders\CopyBackPostBufferCS.hlsl">
      <Filter>Shaders</Filter>
    </FxCompile>
    <FxCompile Include="Shaders\DebugDrawHistogramCS.hlsl">
      <Filter>Shaders</Filter>
    </FxCompile>
    <FxCompile Include="Shaders\DebugLuminanceHdr2CS.hlsl">
      <Filter>Shaders</Filter>
    </FxCompile>
    <FxCompile Include="Shaders\DebugLuminanceHdrCS.hlsl">
      <Filter>Shaders</Filter>
    </FxCompile>
    <FxCompile Include="Shaders\DebugLuminanceLdr2CS.hlsl">
      <Filter>Shaders</Filter>
    </FxCompile>
    <FxCompile Include="Shaders\DebugLuminanceLdrCS.hlsl">
      <Filter>Shaders</Filter>
    </FxCompile>
    <FxCompile Include="Shaders\DebugSSAOCS.hlsl">
      <Filter>Shaders</Filter>
    </FxCompile>
    <FxCompile Include="Shaders\DoFCombine2CS.hlsl">
      <Filter>Shaders</Filter>
    </FxCompile>
    <FxCompile Include="Shaders\DoFCombineCS.hlsl">
      <Filter>Shaders</Filter>
    </FxCompile>
    <FxCompile Include="Shaders\DoFCombineFast2CS.hlsl">
      <Filter>Shaders</Filter>
    </FxCompile>
    <FxCompile Include="Shaders\DoFCombineFastCS.hlsl">
      <Filter>Shaders</Filter>
    </FxCompile>
    <FxCompile Include="Shaders\DoFDebugBlueCS.hlsl">
      <Filter>Shaders</Filter>
    </FxCompile>
    <FxCompile Include="Shaders\DoFDebugGreenCS.hlsl">
      <Filter>Shaders</Filter>
    </FxCompile>
    <FxCompile Include="Shaders\DoFDebugRedCS.hlsl">
      <Filter>Shaders</Filter>
    </FxCompile>
    <FxCompile Include="Shaders\DoFMedianFilterCS.hlsl">
      <Filter>Shaders</Filter>
    </FxCompile>
    <FxCompile Include="Shaders\DoFMedianFilterFixupCS.hlsl">
      <Filter>Shaders</Filter>
    </FxCompile>
    <FxCompile Include="Shaders\DoFMedianFilterSepAlphaCS.hlsl">
      <Filter>Shaders</Filter>
    </FxCompile>
    <FxCompile Include="Shaders\DoFPass1CS.hlsl">
      <Filter>Shaders</Filter>
    </FxCompile>
    <FxCompile Include="Shaders\DoFPass2CS.hlsl">
      <Filter>Shaders</Filter>
    </FxCompile>
    <FxCompile Include="Shaders\DoFPass2DebugCS.hlsl">
      <Filter>Shaders</Filter>
    </FxCompile>
    <FxCompile Include="Shaders\DoFPass2FastCS.hlsl">
      <Filter>Shaders</Filter>
    </FxCompile>
    <FxCompile Include="Shaders\DoFPass2FixupCS.hlsl">
      <Filter>Shaders</Filter>
    </FxCompile>
    <FxCompile Include="Shaders\DoFPreFilterCS.hlsl">
      <Filter>Shaders</Filter>
    </FxCompile>
    <FxCompile Include="Shaders\DoFPreFilterFastCS.hlsl">
      <Filter>Shaders</Filter>
    </FxCompile>
    <FxCompile Include="Shaders\DoFPreFilterFixupCS.hlsl">
      <Filter>Shaders</Filter>
    </FxCompile>
    <FxCompile Include="Shaders\DoFTilePassCS.hlsl">
      <Filter>Shaders</Filter>
    </FxCompile>
    <FxCompile Include="Shaders\DoFTilePassFixupCS.hlsl">
      <Filter>Shaders</Filter>
    </FxCompile>
    <FxCompile Include="Shaders\DownsampleBloomAllCS.hlsl">
      <Filter>Shaders</Filter>
    </FxCompile>
    <FxCompile Include="Shaders\DownsampleBloomCS.hlsl">
      <Filter>Shaders</Filter>
    </FxCompile>
    <FxCompile Include="Shaders\DownsampleDepthPS.hlsl">
      <Filter>Shaders</Filter>
    </FxCompile>
    <FxCompile Include="Shaders\ExtractLumaCS.hlsl">
      <Filter>Shaders</Filter>
    </FxCompile>
    <FxCompile Include="Shaders\FXAAPass1_Luma_CS.hlsl">
      <Filter>Shaders</Filter>
    </FxCompile>
    <FxCompile Include="Shaders\FXAAPass1_Luma2_CS.hlsl">
      <Filter>Shaders</Filter>
    </FxCompile>
    <FxCompile Include="Shaders\FXAAPass1_RGB_CS.hlsl">
      <Filter>Shaders</Filter>
    </FxCompile>
    <FxCompile Include="Shaders\FXAAPass1_RGB2_CS.hlsl">
      <Filter>Shaders</Filter>
    </FxCompile>
    <FxCompile Include="Shaders\FXAAPass2H2CS.hlsl">
      <Filter>Shaders</Filter>
    </FxCompile>
    <FxCompile Include="Shaders\FXAAPass2HCS.hlsl">
      <Filter>Shaders</Filter>
    </FxCompile>
    <FxCompile Include="Shaders\FXAAPass2HDebug2CS.hlsl">
      <Filter>Shaders</Filter>
    </FxCompile>
    <FxCompile Include="Shaders\FXAAPass2HDebugCS.hlsl">
      <Filter>Shaders</Filter>
    </FxCompile>
    <FxCompile Include="Shaders\FXAAPass2V2CS.hlsl">
      <Filter>Shaders</Filter>
    </FxCompile>
    <FxCompile Include="Shaders\FXAAPass2VCS.hlsl">
      <Filter>Shaders</Filter>
    </FxCompile>
    <FxCompile Include="Shaders\FXAAPass2VDebug2CS.hlsl">
      <Filter>Shaders</Filter>
    </FxCompile>
    <FxCompile Include="Shaders\FXAAPass2VDebugCS.hlsl">
      <Filter>Shaders</Filter>
    </FxCompile>
    <FxCompile Include="Shaders\FXAAResolveWorkQueueCS.hlsl">
      <Filter>Shaders</Filter>
    </FxCompile>
    <FxCompile Include="Shaders\GenerateHistogramCS.hlsl">
      <Filter>Shaders</Filter>
    </FxCompile>
    <FxCompile Include="Shaders\GenerateMipsGammaCS.hlsl">
      <Filter>Shaders</Filter>
    </FxCompile>
    <FxCompile Include="Shaders\GenerateMipsGammaOddCS.hlsl">
      <Filter>Shaders</Filter>
    </FxCompile>
    <FxCompile Include="Shaders\GenerateMipsGammaOddXCS.hlsl">
      <Filter>Shaders</Filter>
    </FxCompile>
    <FxCompile Include="Shaders\GenerateMipsGammaOddYCS.hlsl">
      <Filter>Shaders</Filter>
    </FxCompile>
    <FxCompile Include="Shaders\GenerateMipsLinearCS.hlsl">
      <Filter>Shaders</Filter>
    </FxCompile>
    <FxCompile Include="Shaders\GenerateMipsLinearOddCS.hlsl">
      <Filter>Shaders</Filter>
    </FxCompile>
    <FxCompile Include="Shaders\GenerateMipsLinearOddXCS.hlsl">
      <Filter>Shaders</Filter>
    </FxCompile>
    <FxCompile Include="Shaders\GenerateMipsLinearOddYCS.hlsl">
      <Filter>Shaders</Filter>
    </FxCompile>
    <FxCompile Include="Shaders\LanczosCS.hlsl">
      <Filter>Shaders</Filter>
    </FxCompile>
    <FxCompile Include="Shaders\LanczosFast16CS.hlsl">
      <Filter>Shaders</Filter>
    </FxCompile>
    <FxCompile Include="Shaders\LanczosFast24CS.hlsl">
      <Filter>Shaders</Filter>
    </FxCompile>
    <FxCompile Include="Shaders\LanczosFast32CS.hlsl">
      <Filter>Shaders</Filter>
    </FxCompile>
    <FxCompile Include="Shaders\LanczosHorizontalPS.hlsl">
      <Filter>Shaders</Filter>
    </FxCompile>
    <FxCompile Include="Shaders\LanczosVerticalPS.hlsl">
      <Filter>Shaders</Filter>
    </FxCompile>
    <FxCompile Include="Shaders\LinearizeDepthCS.hlsl">
      <Filter>Shaders</Filter>
    </FxCompile>
    <FxCompile Include="Shaders\MagnifyPixelsPS.hlsl">
      <Filter>Shaders</Filter>
    </FxCompile>
    <FxCompile Include="Shaders\MotionBlurFinalPassCS.hlsl">
      <Filter>Shaders</Filter>
    </FxCompile>
    <FxCompile Include="Shaders\MotionBlurFinalPassPS.hlsl">
      <Filter>Shaders</Filter>
    </FxCompile>
    <FxCompile Include="Shaders\MotionBlurPrePassCS.hlsl">
      <Filter>Shaders</Filter>
    </FxCompile>
    <FxCompile Include="Shaders\ParticleBinCullingCS.hlsl">
      <Filter>Shaders</Filter>
    </FxCompile>
    <FxCompile Include="Shaders\ParticleDepthBoundsCS.hlsl">
      <Filter>Shaders</Filter>
    </FxCompile>
    <FxCompile Include="Shaders\ParticleDispatchIndirectArgsCS.hlsl">
      <Filter>Shaders</Filter>
    </FxCompile>
    <FxCompile Include="Shaders\ParticleFinalDispatchIndirectArgsCS.hlsl">
      <Filter>Shaders</Filter>
    </FxCompile>
    <FxCompile Include="Shaders\ParticleLargeBinCullingCS.hlsl">
      <Filter>Shaders</Filter>
    </FxCompile>
    <FxCompile Include="Shaders\ParticleNoSortVS.hlsl">
      <Filter>Shaders</Filter>
    </FxCompile>
    <FxCompile Include="Shaders\ParticlePreSortCS.hlsl">
      <Filter>Shaders</Filter>
    </FxCompile>
    <FxCompile Include="Shaders\ParticlePS.hlsl">
      <Filter>Shaders</Filter>
    </FxCompile>
    <FxCompile Include="Shaders\ParticleSortIndirectArgsCS.hlsl">
      <Filter>Shaders</Filter>
    </FxCompile>
    <FxCompile Include="Shaders\ParticleSpawnCS.hlsl">
      <Filter>Shaders</Filter>
    </FxCompile>
    <FxCompile Include="Shaders\ParticleTileCullingCS.hlsl">
      <Filter>Shaders</Filter>
    </FxCompile>
    <FxCompile Include="Shaders\ParticleTileRender2CS.hlsl">
      <Filter>Shaders</Filter>
    </FxCompile>
    <FxCompile Include="Shaders\ParticleTileRenderCS.hlsl">
      <Filter>Shaders</Filter>
    </FxCompile>
    <FxCompile Include="Shaders\ParticleTileRenderFast2CS.hlsl">
      <Filter>Shaders</Filter>
    </FxCompile>
    <FxCompile Include="Shaders\ParticleTileRenderFastCS.hlsl">
      <Filter>Shaders</Filter>
    </FxCompile>
    <FxCompile Include="Shaders\ParticleTileRenderFastDynamic2CS.hlsl">
      <Filter>Shaders</Filter>
    </FxCompile>
    <FxCompile Include="Shaders\ParticleTileRenderFastDynamicCS.hlsl">
      <Filter>Shaders</Filter>
    </FxCompile>
    <FxCompile Include="Shaders\ParticleTileRenderFastLowRes2CS.hlsl">
      <Filter>Shaders</Filter>
    </FxCompile>
    <FxCompile Include="Shaders\ParticleTileRenderFastLowResCS.hlsl">
      <Filter>Shaders</Filter>
    </FxCompile>
    <FxCompile Include="Shaders\ParticleTileRenderSlowDynamic2CS.hlsl">
      <Filter>Shaders</Filter>
    </FxCompile>
    <FxCompile Include="Shaders\ParticleTileRenderSlowDynamicCS.hlsl">
      <Filter>Shaders</Filter>
    </FxCompile>
    <FxCompile Include="Shaders\ParticleTileRenderSlowLowRes2CS.hlsl">
      <Filter>Shaders</Filter>
    </FxCompile>
    <FxCompile Include="Shaders\ParticleTileRenderSlowLowResCS.hlsl">
      <Filter>Shaders</Filter>
    </FxCompile>
    <FxCompile Include="Shaders\ParticleUpdateCS.hlsl">
      <Filter>Shaders</Filter>
    </FxCompile>
    <FxCompile Include="Shaders\ParticleVS.hlsl">
      <Filter>Shaders</Filter>
    </FxCompile>
    <FxCompile Include="Shaders\PerfGraphBackgroundVS.hlsl">
      <Filter>Shaders</Filter>
    </FxCompile>
    <FxCompile Include="Shaders\PerfGraphPS.hlsl">
      <Filter>Shaders</Filter>
    </FxCompile>
    <FxCompile Include="Shaders\PerfGraphVS.hlsl">
      <Filter>Shaders</Filter>
    </FxCompile>
    <FxCompile Include="Shaders\PresentHDRPS.hlsl">
      <Filter>Shaders</Filter>
    </FxCompile>
    <FxCompile Include="Shaders\PresentSDRPS.hlsl">
      <Filter>Shaders</Filter>
    </FxCompile>
    <FxCompile Include="Shaders\ResolveTAACS.hlsl">
      <Filter>Shaders</Filter>
    </FxCompile>
    <FxCompile Include="Shaders\ScaleAndCompositeHDRPS.hlsl">
      <Filter>Shaders</Filter>
    </FxCompile>
    <FxCompile Include="Shaders\ScaleAndCompositeSDRPS.hlsl">
      <Filter>Shaders</Filter>
    </FxCompile>
    <FxCompile Include="Shaders\ScreenQuadCommonVS.hlsl">
      <Filter>Shaders</Filter>
    </FxCompile>
    <FxCompile Include="Shaders\ScreenQuadPresentVS.hlsl">
      <Filter>Shaders</Filter>
    </FxCompile>
    <FxCompile Include="Shaders\SharpeningUpsampleGammaPS.hlsl">
      <Filter>Shaders</Filter>
    </FxCompile>
    <FxCompile Include="Shaders\SharpeningUpsamplePS.hlsl">
      <Filter>Shaders</Filter>
    </FxCompile>
    <FxCompile Include="Shaders\SharpenTAACS.hlsl">
      <Filter>Shaders</Filter>
    </FxCompile>
    <FxCompile Include="Shaders\TemporalBlendCS.hlsl">
      <Filter>Shaders</Filter>
    </FxCompile>
    <FxCompile Include="Shaders\TextAntialiasPS.hlsl">
      <Filter>Shaders</Filter>
    </FxCompile>
    <FxCompile Include="Shaders\TextShadowPS.hlsl">
      <Filter>Shaders</Filter>
    </FxCompile>
    <FxCompile Include="Shaders\TextVS.hlsl">
      <Filter>Shaders</Filter>
    </FxCompile>
    <FxCompile Include="Shaders\ToneMap2CS.hlsl">
      <Filter>Shaders</Filter>
    </FxCompile>
    <FxCompile Include="Shaders\ToneMapCS.hlsl">
      <Filter>Shaders</Filter>
    </FxCompile>
    <FxCompile Include="Shaders\ToneMapHDR2CS.hlsl">
      <Filter>Shaders</Filter>
    </FxCompile>
    <FxCompile Include="Shaders\ToneMapHDRCS.hlsl">
      <Filter>Shaders</Filter>
    </FxCompile>
    <FxCompile Include="Shaders\UpsampleAndBlurCS.hlsl">
      <Filter>Shaders</Filter>
    </FxCompile>
  </ItemGroup>
</Project>