<?xml version="1.0" encoding="utf-8"?>
<Project ToolsVersion="4.0" xmlns="http://schemas.microsoft.com/developer/msbuild/2003">
  <ItemGroup>
    <Filter Include="Source Files">
      <UniqueIdentifier>{4FC737F1-C7A5-4376-A066-2A32D752A2FF}</UniqueIdentifier>
      <Extensions>cpp;c;cc;cxx;c++;cppm;ixx;def;odl;idl;hpj;bat;asm;asmx</Extensions>
    </Filter>
    <Filter Include="Header Files">
      <UniqueIdentifier>{93995380-89BD-4b04-88EB-625FBE52EBFB}</UniqueIdentifier>
      <Extensions>h;hh;hpp;hxx;h++;hm;inl;inc;ipp;xsd</Extensions>
    </Filter>
    <Filter Include="Resource Files">
      <UniqueIdentifier>{67DA6AB6-F800-4c08-8B7A-83BB121AAD01}</UniqueIdentifier>
      <Extensions>rc;ico;cur;bmp;dlg;rc2;rct;bin;rgs;gif;jpg;jpeg;jpe;resx;tiff;tif;png;wav;mfcribbon-ms</Extensions>
    </Filter>
    <Filter Include="Support">
      <UniqueIdentifier>{1e8e447f-0af3-4461-8360-99ff5ed446d6}</UniqueIdentifier>
    </Filter>
  </ItemGroup>
  <ItemGroup>
    <ClInclude Include="pch.h">
      <Filter>Header Files</Filter>
    </ClInclude>
    <ClInclude Include="HCCDef.h">
      <Filter>Header Files</Filter>
    </ClInclude>
    <ClInclude Include="HCCGuid.h">
      <Filter>Header Files</Filter>
    </ClInclude>
    <ClInclude Include="HCCString.h">
      <Filter>Header Files</Filter>
    </ClInclude>
    <ClInclude Include="HCCException.h">
      <Filter>Header Files</Filter>
    </ClInclude>
    <ClInclude Include="HCCLinkedList.h">
      <Filter>Header Files</Filter>
    </ClInclude>
    <ClInclude Include="HCCMemory.h">
      <Filter>Header Files</Filter>
    </ClInclude>
    <ClInclude Include="HCCIO.h">
      <Filter>Header Files</Filter>
    </ClInclude>
    <ClInclude Include="HCCIOContext.h">
      <Filter>Header Files</Filter>
    </ClInclude>
    <ClInclude Include="HCCSecurity.h">
      <Filter>Header Files</Filter>
    </ClInclude>
    <ClInclude Include="HCCSync.h">
      <Filter>Header Files</Filter>
    </ClInclude>
    <ClInclude Include="HCCThread.h">
      <Filter>Header Files</Filter>
    </ClInclude>
    <ClInclude Include="HCCBinaryReader.h">
      <Filter>Header Files</Filter>
    </ClInclude>
    <ClInclude Include="HCCBinaryWriter.h">
      <Filter>Header Files</Filter>
    </ClInclude>
    <ClInclude Include="HCCBlocks.h">
      <Filter>Header Files</Filter>
    </ClInclude>
    <ClInclude Include="HCCCRC.h">
      <Filter>Header Files</Filter>
    </ClInclude>
    <ClInclude Include="HCCDateTime.h">
      <Filter>Header Files</Filter>
    </ClInclude>
    <ClInclude Include="HCCEse.h">
      <Filter>Header Files</Filter>
    </ClInclude>
    <ClInclude Include="HCCEseResult.h">
      <Filter>Header Files</Filter>
    </ClInclude>
    <ClInclude Include="HCCEnvironment.h">
      <Filter>Header Files</Filter>
    </ClInclude>
    <ClInclude Include="HCCCurrency.h">
      <Filter>Header Files</Filter>
    </ClInclude>
    <ClInclude Include="HCCSocket.h">
      <Filter>Header Files</Filter>
    </ClInclude>
    <ClInclude Include="HCCPipe.h">
      <Filter>Header Files</Filter>
    </ClInclude>
    <ClInclude Include="HCCCom.h">
      <Filter>Header Files</Filter>
    </ClInclude>
    <ClInclude Include="HCCVariant.h">
      <Filter>Header Files</Filter>
    </ClInclude>
    <ClInclude Include="HCCBitConverter.h">
      <Filter>Header Files</Filter>
    </ClInclude>
    <ClInclude Include="HCCObjBase.h">
      <Filter>Header Files</Filter>
    </ClInclude>
    <ClInclude Include="HCCObj.h">
      <Filter>Header Files</Filter>
    </ClInclude>
    <ClInclude Include="HCCPropSys.h">
      <Filter>Header Files</Filter>
    </ClInclude>
    <ClInclude Include="HCCShell.h">
      <Filter>Header Files</Filter>
    </ClInclude>
    <ClInclude Include="HCCLMDB.h">
      <Filter>Header Files</Filter>
    </ClInclude>
    <ClInclude Include="HCCHandle.h">
      <Filter>Header Files</Filter>
    </ClInclude>
    <ClInclude Include="HCCProcess.h">
      <Filter>Header Files</Filter>
    </ClInclude>
    <ClInclude Include="HCCXml.h">
      <Filter>Header Files</Filter>
    </ClInclude>
    <ClInclude Include="HCCTraits.h">
      <Filter>Header Files</Filter>
    </ClInclude>
    <ClInclude Include="HCCConverters.h">
      <Filter>Header Files</Filter>
    </ClInclude>
    <ClInclude Include="HCCHTTP.h">
      <Filter>Header Files</Filter>
    </ClInclude>
    <ClInclude Include="HCCHTTPServer.h">
      <Filter>Header Files</Filter>
    </ClInclude>
    <ClInclude Include="HCCThreadpools.h">
      <Filter>Header Files</Filter>
    </ClInclude>
    <ClInclude Include="HCCTimeseriesMath.h">
      <Filter>Header Files</Filter>
    </ClInclude>
    <ClInclude Include="HCCRdtscConverter.h">
      <Filter>Header Files</Filter>
    </ClInclude>
    <ClInclude Include="xxhash.h">
      <Filter>Header Files</Filter>
    </ClInclude>
    <ClInclude Include="HCCLib.h">
      <Filter>Header Files</Filter>
    </ClInclude>
    <ClInclude Include="HCCMeta.h">
      <Filter>Header Files</Filter>
    </ClInclude>
    <ClInclude Include="HCCService.h">
      <Filter>Header Files</Filter>
    </ClInclude>
    <ClInclude Include="HCCCrypto.h">
      <Filter>Header Files</Filter>
    </ClInclude>
    <ClInclude Include="HCCBuffer.h">
      <Filter>Header Files</Filter>
    </ClInclude>
    <ClInclude Include="HCCVector.h">
      <Filter>Header Files</Filter>
    </ClInclude>
    <ClInclude Include="HCCConsole.h">
      <Filter>Header Files</Filter>
    </ClInclude>
    <ClInclude Include="HCCTuple.h">
      <Filter>Header Files</Filter>
    </ClInclude>
    <ClInclude Include="HCCArray.h">
      <Filter>Header Files</Filter>
    </ClInclude>
    <ClInclude Include="HCCPersistent.h">
      <Filter>Header Files</Filter>
    </ClInclude>
    <ClInclude Include="HCC7BitEncoding.h">
      <Filter>Header Files</Filter>
    </ClInclude>
    <ClInclude Include="HCCSocketServer.h">
      <Filter>Header Files</Filter>
    </ClInclude>
    <ClInclude Include="HCCLogging.h">
      <Filter>Header Files</Filter>
    </ClInclude>
    <ClInclude Include="HCCLogger.h">
      <Filter>Header Files</Filter>
    </ClInclude>
    <ClInclude Include="HCCIOBase.h">
      <Filter>Header Files</Filter>
    </ClInclude>
    <ClInclude Include="HCCLoggerImpl.h">
      <Filter>Header Files</Filter>
    </ClInclude>
    <ClInclude Include="HCCApplication.h">
      <Filter>Header Files</Filter>
    </ClInclude>
    <ClInclude Include="HCCLoggerOptions.h">
      <Filter>Header Files</Filter>
    </ClInclude>
    <ClInclude Include="HCCLoggerLevel.h">
      <Filter>Header Files</Filter>
    </ClInclude>
    <ClInclude Include="HCCApplicationOptions.h">
      <Filter>Header Files</Filter>
    </ClInclude>
    <ClInclude Include="HCCActiveObject.h">
      <Filter>Header Files</Filter>
    </ClInclude>
    <ClInclude Include="HCCLoggerLMDBSink.h">
      <Filter>Header Files</Filter>
    </ClInclude>
    <ClInclude Include="HCCLoggerLMDBSinkOptions.h">
      <Filter>Header Files</Filter>
    </ClInclude>
    <ClInclude Include="HCCLoggerLMDBSinkStorage.h">
      <Filter>Header Files</Filter>
    </ClInclude>
    <ClInclude Include="HCCLoggerBuffer.h">
      <Filter>Header Files</Filter>
    </ClInclude>
    <ClInclude Include="HCCIOCompletionPort.h">
      <Filter>Header Files</Filter>
    </ClInclude>
    <ClInclude Include="HCCIORequest.h">
      <Filter>Header Files</Filter>
    </ClInclude>
    <ClInclude Include="HCCLoggerTypes.h">
      <Filter>Header Files</Filter>
    </ClInclude>
    <ClInclude Include="HCCTypeDescriptorCursor.h">
      <Filter>Header Files</Filter>
    </ClInclude>
    <ClInclude Include="HCCPersistentDecoder.h">
      <Filter>Header Files</Filter>
    </ClInclude>
    <ClInclude Include="HCCLMDBEx.h">
      <Filter>Header Files</Filter>
    </ClInclude>
    <ClInclude Include="HCCIOBufferStream.h">
      <Filter>Header Files</Filter>
    </ClInclude>
    <ClInclude Include="HCCMath.h">
      <Filter>Header Files</Filter>
    </ClInclude>
    <ClInclude Include="HCCMatrix.h">
      <Filter>Header Files</Filter>
    </ClInclude>
    <ClInclude Include="HCCSIMD.h">
      <Filter>Header Files</Filter>
    </ClInclude>
    <ClInclude Include="xxhash_cx.h">
      <Filter>Header Files</Filter>
    </ClInclude>
    <ClInclude Include="HCCObservable.h">
      <Filter>Header Files</Filter>
    </ClInclude>
    <ClInclude Include="HCCDataSource.h">
      <Filter>Header Files</Filter>
    </ClInclude>
    <ClInclude Include="xxh_x86dispatch.h">
      <Filter>Header Files</Filter>
    </ClInclude>
    <ClInclude Include="xxh3.h">
      <Filter>Header Files</Filter>
    </ClInclude>
    <ClInclude Include="HCCCommDevice.h">
      <Filter>Header Files</Filter>
    </ClInclude>
    <ClInclude Include="HCCSensorsAPI.h">
      <Filter>Header Files</Filter>
    </ClInclude>
    <ClInclude Include="HCCPortableDeviceTypes.h">
      <Filter>Header Files</Filter>
    </ClInclude>
    <ClInclude Include="HCCLocationAPI.h">
      <Filter>Header Files</Filter>
    </ClInclude>
    <ClInclude Include="HCCwbem.h">
      <Filter>Header Files</Filter>
    </ClInclude>
    <ClInclude Include="HCCComInterfaces.h">
      <Filter>Header Files</Filter>
    </ClInclude>
    <ClInclude Include="HCCComImpl.h">
      <Filter>Header Files</Filter>
    </ClInclude>
    <ClInclude Include="HCCBits.h">
      <Filter>Header Files</Filter>
    </ClInclude>
    <ClInclude Include="HCCTcpClient.h">
      <Filter>Header Files</Filter>
    </ClInclude>
    <ClInclude Include="HCCTcpServer.h">
      <Filter>Header Files</Filter>
    </ClInclude>
    <ClInclude Include="HCCUdpClient.h">
      <Filter>Header Files</Filter>
    </ClInclude>
    <ClInclude Include="HCCUdpServer.h">
      <Filter>Header Files</Filter>
    </ClInclude>
    <ClInclude Include="HCCWinError.h">
      <Filter>Header Files</Filter>
    </ClInclude>
    <ClInclude Include="HCCConcurrentQueue.h">
      <Filter>Header Files</Filter>
    </ClInclude>
    <ClInclude Include="HCCList.h">
      <Filter>Header Files</Filter>
    </ClInclude>
    <ClInclude Include="HCCIStreamOnStreamImpl.h">
      <Filter>Header Files</Filter>
    </ClInclude>
    <ClInclude Include="HCCSerializationDataType.h">
      <Filter>Header Files</Filter>
    </ClInclude>
    <ClInclude Include="HCCSerializationDataWriter.h">
      <Filter>Header Files</Filter>
    </ClInclude>
    <ClInclude Include="HCCSerializationDataReader.h">
      <Filter>Header Files</Filter>
    </ClInclude>
    <ClInclude Include="HCCRtWorkQ.h">
      <Filter>Header Files</Filter>
    </ClInclude>
    <ClInclude Include="HCCDirectoryUtils.h">
      <Filter>Header Files</Filter>
    </ClInclude>
    <ClInclude Include="HCCZMQ.h">
      <Filter>Header Files</Filter>
    </ClInclude>
    <ClInclude Include="HCCComModule.h">
      <Filter>Header Files</Filter>
    </ClInclude>
    <ClInclude Include="HCCRegistry.h">
      <Filter>Header Files</Filter>
    </ClInclude>
    <ClInclude Include="HCCComRegistry.h">
      <Filter>Header Files</Filter>
    </ClInclude>
    <ClInclude Include="HCCConcepts.h">
      <Filter>Header Files</Filter>
    </ClInclude>
    <ClInclude Include="HCCDemangle.h">
      <Filter>Header Files</Filter>
    </ClInclude>
    <ClInclude Include="HCCIterator.h">
      <Filter>Header Files</Filter>
    </ClInclude>
    <ClInclude Include="HCCDebugServiceHost.h">
      <Filter>Header Files</Filter>
    </ClInclude>
    <ClInclude Include="HCCFlags.h">
      <Filter>Header Files</Filter>
    </ClInclude>
    <ClInclude Include="HCCEseOptions.h">
      <Filter>Header Files</Filter>
    </ClInclude>
    <ClInclude Include="HCCNetwork.h">
      <Filter>Header Files</Filter>
    </ClInclude>
    <ClInclude Include="HCCPersistentFormatter.h">
      <Filter>Header Files</Filter>
    </ClInclude>
    <ClInclude Include="HCCFormatStringParser.h">
      <Filter>Header Files</Filter>
    </ClInclude>
    <ClInclude Include="HCCPersistentPrinter.h">
      <Filter>Header Files</Filter>
    </ClInclude>
    <ClInclude Include="HCCLoggerStorage.h">
      <Filter>Header Files</Filter>
    </ClInclude>
    <ClInclude Include="HCCLoggerTextSinkOptions.h">
      <Filter>Header Files</Filter>
    </ClInclude>
    <ClInclude Include="HCCServiceRunner.h">
      <Filter>Header Files</Filter>
    </ClInclude>
    <ClInclude Include="HCCPropertyVariant.h">
      <Filter>Header Files</Filter>
    </ClInclude>
    <ClInclude Include="HCCGenerators.h">
      <Filter>Header Files</Filter>
    </ClInclude>
    <ClInclude Include="HCCStringBuilder.h">
      <Filter>Header Files</Filter>
    </ClInclude>
    <ClInclude Include="HCCBinary.h">
      <Filter>Header Files</Filter>
    </ClInclude>
    <ClInclude Include="HCCData.h">
      <Filter>Header Files</Filter>
    </ClInclude>
    <ClInclude Include="HCCDoxygen.h">
      <Filter>Header Files</Filter>
    </ClInclude>
    <ClInclude Include="HCCRapidXml.h">
      <Filter>Header Files</Filter>
    </ClInclude>
    <ClInclude Include="HCCHtmlNamedCharacters.h">
      <Filter>Header Files</Filter>
    </ClInclude>
    <ClInclude Include="HCCUtf.h">
      <Filter>Header Files</Filter>
    </ClInclude>
  </ItemGroup>
  <ItemGroup>
    <ClCompile Include="dllmain.cpp">
      <Filter>Source Files</Filter>
    </ClCompile>
    <ClCompile Include="pch.cpp">
      <Filter>Source Files</Filter>
    </ClCompile>
    <ClCompile Include="HCCGuid.cpp">
      <Filter>Source Files</Filter>
    </ClCompile>
    <ClCompile Include="HCCString.cpp">
      <Filter>Source Files</Filter>
    </ClCompile>
    <ClCompile Include="HCCException.cpp">
      <Filter>Source Files</Filter>
    </ClCompile>
    <ClCompile Include="HCCMemory.cpp">
      <Filter>Source Files</Filter>
    </ClCompile>
    <ClCompile Include="HCCIO.cpp">
      <Filter>Source Files</Filter>
    </ClCompile>
    <ClCompile Include="HCCIOContext.cpp">
      <Filter>Source Files</Filter>
    </ClCompile>
    <ClCompile Include="HCCSecurity.cpp">
      <Filter>Source Files</Filter>
    </ClCompile>
    <ClCompile Include="HCCBlocks.cpp">
      <Filter>Source Files</Filter>
    </ClCompile>
    <ClCompile Include="HCCCRC32.cpp">
      <Filter>Source Files</Filter>
    </ClCompile>
    <ClCompile Include="HCCDateTime.cpp">
      <Filter>Source Files</Filter>
    </ClCompile>
    <ClCompile Include="HCCEse.cpp">
      <Filter>Source Files</Filter>
    </ClCompile>
    <ClCompile Include="HCCEnvironment.cpp">
      <Filter>Source Files</Filter>
    </ClCompile>
    <ClCompile Include="HCCSocket.cpp">
      <Filter>Source Files</Filter>
    </ClCompile>
    <ClCompile Include="HCCPipe.cpp">
      <Filter>Source Files</Filter>
    </ClCompile>
    <ClCompile Include="HCCCom.cpp">
      <Filter>Source Files</Filter>
    </ClCompile>
    <ClCompile Include="HCCVariant.cpp">
      <Filter>Source Files</Filter>
    </ClCompile>
    <ClCompile Include="HCCLMDB.cpp">
      <Filter>Source Files</Filter>
    </ClCompile>
    <ClCompile Include="TestIds.cpp">
      <Filter>Source Files</Filter>
    </ClCompile>
    <ClCompile Include="HCCProcess.cpp">
      <Filter>Source Files</Filter>
    </ClCompile>
    <ClCompile Include="HCCCurrency.cpp">
      <Filter>Source Files</Filter>
    </ClCompile>
    <ClCompile Include="HCCApplication.cpp">
      <Filter>Source Files</Filter>
    </ClCompile>
    <ClCompile Include="HCCLoggerImpl.cpp">
      <Filter>Source Files</Filter>
    </ClCompile>
    <ClCompile Include="HCCLoggerLMDBSink.cpp">
      <Filter>Source Files</Filter>
    </ClCompile>
    <ClCompile Include="HCCLoggerTypes.cpp">
      <Filter>Source Files</Filter>
    </ClCompile>
    <ClCompile Include="xxh_x86dispatch.c">
      <Filter>Source Files</Filter>
    </ClCompile>
    <ClCompile Include="xxhash.c">
      <Filter>Source Files</Filter>
    </ClCompile>
    <ClCompile Include="HCCCommDevice.cpp">
      <Filter>Source Files</Filter>
    </ClCompile>
    <ClCompile Include="HCCPortableDeviceTypes.cpp">
      <Filter>Source Files</Filter>
    </ClCompile>
    <ClCompile Include="HCCwbem.cpp">
      <Filter>Source Files</Filter>
    </ClCompile>
    <ClCompile Include="HCCIStreamOnStreamImpl.cpp">
      <Filter>Source Files</Filter>
    </ClCompile>
    <ClCompile Include="HCCDemangle.cpp">
      <Filter>Source Files</Filter>
    </ClCompile>
    <ClCompile Include="HCCService.cpp">
      <Filter>Source Files</Filter>
    </ClCompile>
    <ClCompile Include="HCCLoggerLevel.cpp">
      <Filter>Source Files</Filter>
    </ClCompile>
    <ClCompile Include="HCCPersistentFormatter.cpp">
      <Filter>Source Files</Filter>
    </ClCompile>
    <ClCompile Include="HCCBinary.cpp">
      <Filter>Source Files</Filter>
    </ClCompile>
    <ClCompile Include="HCCDoxygen.cpp">
      <Filter>Source Files</Filter>
    </ClCompile>
    <ClCompile Include="HCCDoxygenEnums.cpp">
      <Filter>Source Files</Filter>
    </ClCompile>
    <ClCompile Include="HCCHtmlNamedCharacters.cpp">
      <Filter>Source Files</Filter>
    </ClCompile>
    <ClCompile Include="HCCDoxygenStructure.cpp">
      <Filter>Source Files</Filter>
    </ClCompile>
  </ItemGroup>
  <ItemGroup>
    <Natvis Include="Support\hcc.natvis">
      <Filter>Support</Filter>
    </Natvis>
  </ItemGroup>
  <ItemGroup>
    <None Include="HCCComInterfaces.xm">
      <Filter>Header Files</Filter>
    </None>
    <None Include="HCCComRegistry.inl">
      <Filter>Header Files</Filter>
    </None>
    <None Include="HCCDemangle.m">
      <Filter>Header Files</Filter>
    </None>
  </ItemGroup>
</Project>