<?xml version="1.0" encoding="utf-8"?>
<Project ToolsVersion="4.0" xmlns="http://schemas.microsoft.com/developer/msbuild/2003">
  <ItemGroup>
    <Filter Include="Internal">
      <UniqueIdentifier>{b43681d0-7237-4a53-a71f-59529cc9d806}</UniqueIdentifier>
    </Filter>
    <Filter Include="Internal\OpenLibM">
      <UniqueIdentifier>{c7dcdde5-da26-4fba-8f60-6cd75f69f038}</UniqueIdentifier>
    </Filter>
  </ItemGroup>
  <ItemGroup>
    <ClInclude Include="$(MSBuildThisFileDirectory)Internal\OpenLibM\aarch64_fpmath.h">
      <Filter>Internal\OpenLibM</Filter>
    </ClInclude>
    <ClInclude Include="$(MSBuildThisFileDirectory)Internal\OpenLibM\amd64_fpmath.h">
      <Filter>Internal\OpenLibM</Filter>
    </ClInclude>
    <ClInclude Include="$(MSBuildThisFileDirectory)Internal\OpenLibM\cdefs-compat.h">
      <Filter>Internal\OpenLibM</Filter>
    </ClInclude>
    <ClInclude Include="$(MSBuildThisFileDirectory)Internal\OpenLibM\constexpr_math.h">
      <Filter>Internal\OpenLibM</Filter>
    </ClInclude>
    <ClInclude Include="$(MSBuildThisFileDirectory)Internal\OpenLibM\fpmath.h">
      <Filter>Internal\OpenLibM</Filter>
    </ClInclude>
    <ClInclude Include="$(MSBuildThisFileDirectory)Internal\OpenLibM\k_log.h">
      <Filter>Internal\OpenLibM</Filter>
    </ClInclude>
    <ClInclude Include="$(MSBuildThisFileDirectory)Internal\OpenLibM\k_logf.h">
      <Filter>Internal\OpenLibM</Filter>
    </ClInclude>
    <ClInclude Include="$(MSBuildThisFileDirectory)Internal\OpenLibM\math_private.h">
      <Filter>Internal\OpenLibM</Filter>
    </ClInclude>
    <ClInclude Include="$(MSBuildThisFileDirectory)Internal\OpenLibM\math_private_openbsd.h">
      <Filter>Internal\OpenLibM</Filter>
    </ClInclude>
    <ClInclude Include="$(MSBuildThisFileDirectory)Internal\OpenLibM\NearestInteger.h">
      <Filter>Internal\OpenLibM</Filter>
    </ClInclude>
    <ClInclude Include="$(MSBuildThisFileDirectory)Internal\OpenLibM\openlibm.h">
      <Filter>Internal\OpenLibM</Filter>
    </ClInclude>
    <ClInclude Include="$(MSBuildThisFileDirectory)Internal\OpenLibM\openlibm_complex.h">
      <Filter>Internal\OpenLibM</Filter>
    </ClInclude>
    <ClInclude Include="$(MSBuildThisFileDirectory)Internal\OpenLibM\openlibm_defs.h">
      <Filter>Internal\OpenLibM</Filter>
    </ClInclude>
    <ClInclude Include="$(MSBuildThisFileDirectory)Internal\OpenLibM\openlibm_math.h">
      <Filter>Internal\OpenLibM</Filter>
    </ClInclude>
    <ClInclude Include="$(MSBuildThisFileDirectory)Internal\OpenLibM\RangeReduction.h">
      <Filter>Internal\OpenLibM</Filter>
    </ClInclude>
  </ItemGroup>
  <ItemGroup>
    <None Include="$(MSBuildThisFileDirectory)Internal\OpenLibM\e_acos.inl">
      <Filter>Internal\OpenLibM</Filter>
    </None>
    <None Include="$(MSBuildThisFileDirectory)Internal\OpenLibM\e_acosf.inl">
      <Filter>Internal\OpenLibM</Filter>
    </None>
    <None Include="$(MSBuildThisFileDirectory)Internal\OpenLibM\e_acosh.inl">
      <Filter>Internal\OpenLibM</Filter>
    </None>
    <None Include="$(MSBuildThisFileDirectory)Internal\OpenLibM\e_acoshf.inl">
      <Filter>Internal\OpenLibM</Filter>
    </None>
    <None Include="$(MSBuildThisFileDirectory)Internal\OpenLibM\e_asin.inl">
      <Filter>Internal\OpenLibM</Filter>
    </None>
    <None Include="$(MSBuildThisFileDirectory)Internal\OpenLibM\e_asinf.inl">
      <Filter>Internal\OpenLibM</Filter>
    </None>
    <None Include="$(MSBuildThisFileDirectory)Internal\OpenLibM\e_atan2.inl">
      <Filter>Internal\OpenLibM</Filter>
    </None>
    <None Include="$(MSBuildThisFileDirectory)Internal\OpenLibM\e_atan2f.inl">
      <Filter>Internal\OpenLibM</Filter>
    </None>
    <None Include="$(MSBuildThisFileDirectory)Internal\OpenLibM\e_atanh.inl">
      <Filter>Internal\OpenLibM</Filter>
    </None>
    <None Include="$(MSBuildThisFileDirectory)Internal\OpenLibM\e_atanhf.inl">
      <Filter>Internal\OpenLibM</Filter>
    </None>
    <None Include="$(MSBuildThisFileDirectory)Internal\OpenLibM\e_cosh.inl">
      <Filter>Internal\OpenLibM</Filter>
    </None>
    <None Include="$(MSBuildThisFileDirectory)Internal\OpenLibM\e_coshf.inl">
      <Filter>Internal\OpenLibM</Filter>
    </None>
    <None Include="$(MSBuildThisFileDirectory)Internal\OpenLibM\e_exp.inl">
      <Filter>Internal\OpenLibM</Filter>
    </None>
    <None Include="$(MSBuildThisFileDirectory)Internal\OpenLibM\e_expf.inl">
      <Filter>Internal\OpenLibM</Filter>
    </None>
    <None Include="$(MSBuildThisFileDirectory)Internal\OpenLibM\e_fmod.inl">
      <Filter>Internal\OpenLibM</Filter>
    </None>
    <None Include="$(MSBuildThisFileDirectory)Internal\OpenLibM\e_fmodf.inl">
      <Filter>Internal\OpenLibM</Filter>
    </None>
    <None Include="$(MSBuildThisFileDirectory)Internal\OpenLibM\e_hypot.inl">
      <Filter>Internal\OpenLibM</Filter>
    </None>
    <None Include="$(MSBuildThisFileDirectory)Internal\OpenLibM\e_hypotf.inl">
      <Filter>Internal\OpenLibM</Filter>
    </None>
    <None Include="$(MSBuildThisFileDirectory)Internal\OpenLibM\e_j0.inl">
      <Filter>Internal\OpenLibM</Filter>
    </None>
    <None Include="$(MSBuildThisFileDirectory)Internal\OpenLibM\e_j0f.inl">
      <Filter>Internal\OpenLibM</Filter>
    </None>
    <None Include="$(MSBuildThisFileDirectory)Internal\OpenLibM\e_j1.inl">
      <Filter>Internal\OpenLibM</Filter>
    </None>
    <None Include="$(MSBuildThisFileDirectory)Internal\OpenLibM\e_j1f.inl">
      <Filter>Internal\OpenLibM</Filter>
    </None>
    <None Include="$(MSBuildThisFileDirectory)Internal\OpenLibM\e_jn.inl">
      <Filter>Internal\OpenLibM</Filter>
    </None>
    <None Include="$(MSBuildThisFileDirectory)Internal\OpenLibM\e_jnf.inl">
      <Filter>Internal\OpenLibM</Filter>
    </None>
    <None Include="$(MSBuildThisFileDirectory)Internal\OpenLibM\e_lgamma.inl">
      <Filter>Internal\OpenLibM</Filter>
    </None>
    <None Include="$(MSBuildThisFileDirectory)Internal\OpenLibM\e_lgamma_r.inl">
      <Filter>Internal\OpenLibM</Filter>
    </None>
    <None Include="$(MSBuildThisFileDirectory)Internal\OpenLibM\e_lgammaf.inl">
      <Filter>Internal\OpenLibM</Filter>
    </None>
    <None Include="$(MSBuildThisFileDirectory)Internal\OpenLibM\e_lgammaf_r.inl">
      <Filter>Internal\OpenLibM</Filter>
    </None>
    <None Include="$(MSBuildThisFileDirectory)Internal\OpenLibM\e_log.inl">
      <Filter>Internal\OpenLibM</Filter>
    </None>
    <None Include="$(MSBuildThisFileDirectory)Internal\OpenLibM\e_log2.inl">
      <Filter>Internal\OpenLibM</Filter>
    </None>
    <None Include="$(MSBuildThisFileDirectory)Internal\OpenLibM\e_log2f.inl">
      <Filter>Internal\OpenLibM</Filter>
    </None>
    <None Include="$(MSBuildThisFileDirectory)Internal\OpenLibM\e_log10.inl">
      <Filter>Internal\OpenLibM</Filter>
    </None>
    <None Include="$(MSBuildThisFileDirectory)Internal\OpenLibM\e_log10f.inl">
      <Filter>Internal\OpenLibM</Filter>
    </None>
    <None Include="$(MSBuildThisFileDirectory)Internal\OpenLibM\e_logf.inl">
      <Filter>Internal\OpenLibM</Filter>
    </None>
    <None Include="$(MSBuildThisFileDirectory)Internal\OpenLibM\e_pow.inl">
      <Filter>Internal\OpenLibM</Filter>
    </None>
    <None Include="$(MSBuildThisFileDirectory)Internal\OpenLibM\e_powf.inl">
      <Filter>Internal\OpenLibM</Filter>
    </None>
    <None Include="$(MSBuildThisFileDirectory)Internal\OpenLibM\e_rem_pio2.inl">
      <Filter>Internal\OpenLibM</Filter>
    </None>
    <None Include="$(MSBuildThisFileDirectory)Internal\OpenLibM\e_rem_pio2f.inl">
      <Filter>Internal\OpenLibM</Filter>
    </None>
    <None Include="$(MSBuildThisFileDirectory)Internal\OpenLibM\e_remainder.inl">
      <Filter>Internal\OpenLibM</Filter>
    </None>
    <None Include="$(MSBuildThisFileDirectory)Internal\OpenLibM\e_remainderf.inl">
      <Filter>Internal\OpenLibM</Filter>
    </None>
    <None Include="$(MSBuildThisFileDirectory)Internal\OpenLibM\e_sinh.inl">
      <Filter>Internal\OpenLibM</Filter>
    </None>
    <None Include="$(MSBuildThisFileDirectory)Internal\OpenLibM\e_sinhf.inl">
      <Filter>Internal\OpenLibM</Filter>
    </None>
    <None Include="$(MSBuildThisFileDirectory)Internal\OpenLibM\e_sqrt.inl">
      <Filter>Internal\OpenLibM</Filter>
    </None>
    <None Include="$(MSBuildThisFileDirectory)Internal\OpenLibM\e_sqrtf.inl">
      <Filter>Internal\OpenLibM</Filter>
    </None>
    <None Include="$(MSBuildThisFileDirectory)Internal\OpenLibM\e_tgamma.inl">
      <Filter>Internal\OpenLibM</Filter>
    </None>
    <None Include="$(MSBuildThisFileDirectory)Internal\OpenLibM\k_cos.inl">
      <Filter>Internal\OpenLibM</Filter>
    </None>
    <None Include="$(MSBuildThisFileDirectory)Internal\OpenLibM\k_cosf.inl">
      <Filter>Internal\OpenLibM</Filter>
    </None>
    <None Include="$(MSBuildThisFileDirectory)Internal\OpenLibM\k_exp.inl">
      <Filter>Internal\OpenLibM</Filter>
    </None>
    <None Include="$(MSBuildThisFileDirectory)Internal\OpenLibM\k_expf.inl">
      <Filter>Internal\OpenLibM</Filter>
    </None>
    <None Include="$(MSBuildThisFileDirectory)Internal\OpenLibM\k_rem_pio2.inl">
      <Filter>Internal\OpenLibM</Filter>
    </None>
    <None Include="$(MSBuildThisFileDirectory)Internal\OpenLibM\k_sin.inl">
      <Filter>Internal\OpenLibM</Filter>
    </None>
    <None Include="$(MSBuildThisFileDirectory)Internal\OpenLibM\k_sinf.inl">
      <Filter>Internal\OpenLibM</Filter>
    </None>
    <None Include="$(MSBuildThisFileDirectory)Internal\OpenLibM\k_tan.inl">
      <Filter>Internal\OpenLibM</Filter>
    </None>
    <None Include="$(MSBuildThisFileDirectory)Internal\OpenLibM\k_tanf.inl">
      <Filter>Internal\OpenLibM</Filter>
    </None>
    <None Include="$(MSBuildThisFileDirectory)Internal\OpenLibM\Readme.md">
      <Filter>Internal\OpenLibM</Filter>
    </None>
    <None Include="$(MSBuildThisFileDirectory)Internal\OpenLibM\s_asinh.inl">
      <Filter>Internal\OpenLibM</Filter>
    </None>
    <None Include="$(MSBuildThisFileDirectory)Internal\OpenLibM\s_asinhf.inl">
      <Filter>Internal\OpenLibM</Filter>
    </None>
    <None Include="$(MSBuildThisFileDirectory)Internal\OpenLibM\s_atan.inl">
      <Filter>Internal\OpenLibM</Filter>
    </None>
    <None Include="$(MSBuildThisFileDirectory)Internal\OpenLibM\s_atanf.inl">
      <Filter>Internal\OpenLibM</Filter>
    </None>
    <None Include="$(MSBuildThisFileDirectory)Internal\OpenLibM\s_cabs.inl">
      <Filter>Internal\OpenLibM</Filter>
    </None>
    <None Include="$(MSBuildThisFileDirectory)Internal\OpenLibM\s_cabsf.inl">
      <Filter>Internal\OpenLibM</Filter>
    </None>
    <None Include="$(MSBuildThisFileDirectory)Internal\OpenLibM\s_cacos.inl">
      <Filter>Internal\OpenLibM</Filter>
    </None>
    <None Include="$(MSBuildThisFileDirectory)Internal\OpenLibM\s_cacosf.inl">
      <Filter>Internal\OpenLibM</Filter>
    </None>
    <None Include="$(MSBuildThisFileDirectory)Internal\OpenLibM\s_cacosh.inl">
      <Filter>Internal\OpenLibM</Filter>
    </None>
    <None Include="$(MSBuildThisFileDirectory)Internal\OpenLibM\s_cacoshf.inl">
      <Filter>Internal\OpenLibM</Filter>
    </None>
    <None Include="$(MSBuildThisFileDirectory)Internal\OpenLibM\s_carg.inl">
      <Filter>Internal\OpenLibM</Filter>
    </None>
    <None Include="$(MSBuildThisFileDirectory)Internal\OpenLibM\s_cargf.inl">
      <Filter>Internal\OpenLibM</Filter>
    </None>
    <None Include="$(MSBuildThisFileDirectory)Internal\OpenLibM\s_casin.inl">
      <Filter>Internal\OpenLibM</Filter>
    </None>
    <None Include="$(MSBuildThisFileDirectory)Internal\OpenLibM\s_casinf.inl">
      <Filter>Internal\OpenLibM</Filter>
    </None>
    <None Include="$(MSBuildThisFileDirectory)Internal\OpenLibM\s_casinh.inl">
      <Filter>Internal\OpenLibM</Filter>
    </None>
    <None Include="$(MSBuildThisFileDirectory)Internal\OpenLibM\s_casinhf.inl">
      <Filter>Internal\OpenLibM</Filter>
    </None>
    <None Include="$(MSBuildThisFileDirectory)Internal\OpenLibM\s_catan.inl">
      <Filter>Internal\OpenLibM</Filter>
    </None>
    <None Include="$(MSBuildThisFileDirectory)Internal\OpenLibM\s_catanf.inl">
      <Filter>Internal\OpenLibM</Filter>
    </None>
    <None Include="$(MSBuildThisFileDirectory)Internal\OpenLibM\s_catanh.inl">
      <Filter>Internal\OpenLibM</Filter>
    </None>
    <None Include="$(MSBuildThisFileDirectory)Internal\OpenLibM\s_catanhf.inl">
      <Filter>Internal\OpenLibM</Filter>
    </None>
    <None Include="$(MSBuildThisFileDirectory)Internal\OpenLibM\s_cbrt.inl">
      <Filter>Internal\OpenLibM</Filter>
    </None>
    <None Include="$(MSBuildThisFileDirectory)Internal\OpenLibM\s_cbrtf.inl">
      <Filter>Internal\OpenLibM</Filter>
    </None>
    <None Include="$(MSBuildThisFileDirectory)Internal\OpenLibM\s_ccos.inl">
      <Filter>Internal\OpenLibM</Filter>
    </None>
    <None Include="$(MSBuildThisFileDirectory)Internal\OpenLibM\s_ccosf.inl">
      <Filter>Internal\OpenLibM</Filter>
    </None>
    <None Include="$(MSBuildThisFileDirectory)Internal\OpenLibM\s_ccosh.inl">
      <Filter>Internal\OpenLibM</Filter>
    </None>
    <None Include="$(MSBuildThisFileDirectory)Internal\OpenLibM\s_ccoshf.inl">
      <Filter>Internal\OpenLibM</Filter>
    </None>
    <None Include="$(MSBuildThisFileDirectory)Internal\OpenLibM\s_ceil.inl">
      <Filter>Internal\OpenLibM</Filter>
    </None>
    <None Include="$(MSBuildThisFileDirectory)Internal\OpenLibM\s_ceilf.inl">
      <Filter>Internal\OpenLibM</Filter>
    </None>
    <None Include="$(MSBuildThisFileDirectory)Internal\OpenLibM\s_cexp.inl">
      <Filter>Internal\OpenLibM</Filter>
    </None>
    <None Include="$(MSBuildThisFileDirectory)Internal\OpenLibM\s_cexpf.inl">
      <Filter>Internal\OpenLibM</Filter>
    </None>
    <None Include="$(MSBuildThisFileDirectory)Internal\OpenLibM\s_cimag.inl">
      <Filter>Internal\OpenLibM</Filter>
    </None>
    <None Include="$(MSBuildThisFileDirectory)Internal\OpenLibM\s_cimagf.inl">
      <Filter>Internal\OpenLibM</Filter>
    </None>
    <None Include="$(MSBuildThisFileDirectory)Internal\OpenLibM\s_clog.inl">
      <Filter>Internal\OpenLibM</Filter>
    </None>
    <None Include="$(MSBuildThisFileDirectory)Internal\OpenLibM\s_clogf.inl">
      <Filter>Internal\OpenLibM</Filter>
    </None>
    <None Include="$(MSBuildThisFileDirectory)Internal\OpenLibM\s_conj.inl">
      <Filter>Internal\OpenLibM</Filter>
    </None>
    <None Include="$(MSBuildThisFileDirectory)Internal\OpenLibM\s_conjf.inl">
      <Filter>Internal\OpenLibM</Filter>
    </None>
    <None Include="$(MSBuildThisFileDirectory)Internal\OpenLibM\s_copysign.inl">
      <Filter>Internal\OpenLibM</Filter>
    </None>
    <None Include="$(MSBuildThisFileDirectory)Internal\OpenLibM\s_copysignf.inl">
      <Filter>Internal\OpenLibM</Filter>
    </None>
    <None Include="$(MSBuildThisFileDirectory)Internal\OpenLibM\s_cos.inl">
      <Filter>Internal\OpenLibM</Filter>
    </None>
    <None Include="$(MSBuildThisFileDirectory)Internal\OpenLibM\s_cosf.inl">
      <Filter>Internal\OpenLibM</Filter>
    </None>
    <None Include="$(MSBuildThisFileDirectory)Internal\OpenLibM\s_cpow.inl">
      <Filter>Internal\OpenLibM</Filter>
    </None>
    <None Include="$(MSBuildThisFileDirectory)Internal\OpenLibM\s_cpowf.inl">
      <Filter>Internal\OpenLibM</Filter>
    </None>
    <None Include="$(MSBuildThisFileDirectory)Internal\OpenLibM\s_cproj.inl">
      <Filter>Internal\OpenLibM</Filter>
    </None>
    <None Include="$(MSBuildThisFileDirectory)Internal\OpenLibM\s_cprojf.inl">
      <Filter>Internal\OpenLibM</Filter>
    </None>
    <None Include="$(MSBuildThisFileDirectory)Internal\OpenLibM\s_creal.inl">
      <Filter>Internal\OpenLibM</Filter>
    </None>
    <None Include="$(MSBuildThisFileDirectory)Internal\OpenLibM\s_crealf.inl">
      <Filter>Internal\OpenLibM</Filter>
    </None>
    <None Include="$(MSBuildThisFileDirectory)Internal\OpenLibM\s_csin.inl">
      <Filter>Internal\OpenLibM</Filter>
    </None>
    <None Include="$(MSBuildThisFileDirectory)Internal\OpenLibM\s_csinf.inl">
      <Filter>Internal\OpenLibM</Filter>
    </None>
    <None Include="$(MSBuildThisFileDirectory)Internal\OpenLibM\s_csinh.inl">
      <Filter>Internal\OpenLibM</Filter>
    </None>
    <None Include="$(MSBuildThisFileDirectory)Internal\OpenLibM\s_csinhf.inl">
      <Filter>Internal\OpenLibM</Filter>
    </None>
    <None Include="$(MSBuildThisFileDirectory)Internal\OpenLibM\s_csqrt.inl">
      <Filter>Internal\OpenLibM</Filter>
    </None>
    <None Include="$(MSBuildThisFileDirectory)Internal\OpenLibM\s_csqrtf.inl">
      <Filter>Internal\OpenLibM</Filter>
    </None>
    <None Include="$(MSBuildThisFileDirectory)Internal\OpenLibM\s_ctan.inl">
      <Filter>Internal\OpenLibM</Filter>
    </None>
    <None Include="$(MSBuildThisFileDirectory)Internal\OpenLibM\s_ctanf.inl">
      <Filter>Internal\OpenLibM</Filter>
    </None>
    <None Include="$(MSBuildThisFileDirectory)Internal\OpenLibM\s_ctanh.inl">
      <Filter>Internal\OpenLibM</Filter>
    </None>
    <None Include="$(MSBuildThisFileDirectory)Internal\OpenLibM\s_ctanhf.inl">
      <Filter>Internal\OpenLibM</Filter>
    </None>
    <None Include="$(MSBuildThisFileDirectory)Internal\OpenLibM\s_erf.inl">
      <Filter>Internal\OpenLibM</Filter>
    </None>
    <None Include="$(MSBuildThisFileDirectory)Internal\OpenLibM\s_erff.inl">
      <Filter>Internal\OpenLibM</Filter>
    </None>
    <None Include="$(MSBuildThisFileDirectory)Internal\OpenLibM\s_exp2.inl">
      <Filter>Internal\OpenLibM</Filter>
    </None>
    <None Include="$(MSBuildThisFileDirectory)Internal\OpenLibM\s_exp2f.inl">
      <Filter>Internal\OpenLibM</Filter>
    </None>
    <None Include="$(MSBuildThisFileDirectory)Internal\OpenLibM\s_expm1.inl">
      <Filter>Internal\OpenLibM</Filter>
    </None>
    <None Include="$(MSBuildThisFileDirectory)Internal\OpenLibM\s_expm1f.inl">
      <Filter>Internal\OpenLibM</Filter>
    </None>
    <None Include="$(MSBuildThisFileDirectory)Internal\OpenLibM\s_fabs.inl">
      <Filter>Internal\OpenLibM</Filter>
    </None>
    <None Include="$(MSBuildThisFileDirectory)Internal\OpenLibM\s_fabsf.inl">
      <Filter>Internal\OpenLibM</Filter>
    </None>
    <None Include="$(MSBuildThisFileDirectory)Internal\OpenLibM\s_fdim.inl">
      <Filter>Internal\OpenLibM</Filter>
    </None>
    <None Include="$(MSBuildThisFileDirectory)Internal\OpenLibM\s_floor.inl">
      <Filter>Internal\OpenLibM</Filter>
    </None>
    <None Include="$(MSBuildThisFileDirectory)Internal\OpenLibM\s_floorf.inl">
      <Filter>Internal\OpenLibM</Filter>
    </None>
    <None Include="$(MSBuildThisFileDirectory)Internal\OpenLibM\s_fma.inl">
      <Filter>Internal\OpenLibM</Filter>
    </None>
    <None Include="$(MSBuildThisFileDirectory)Internal\OpenLibM\s_fmaf.inl">
      <Filter>Internal\OpenLibM</Filter>
    </None>
    <None Include="$(MSBuildThisFileDirectory)Internal\OpenLibM\s_fmax.inl">
      <Filter>Internal\OpenLibM</Filter>
    </None>
    <None Include="$(MSBuildThisFileDirectory)Internal\OpenLibM\s_fmaxf.inl">
      <Filter>Internal\OpenLibM</Filter>
    </None>
    <None Include="$(MSBuildThisFileDirectory)Internal\OpenLibM\s_fmin.inl">
      <Filter>Internal\OpenLibM</Filter>
    </None>
    <None Include="$(MSBuildThisFileDirectory)Internal\OpenLibM\s_fminf.inl">
      <Filter>Internal\OpenLibM</Filter>
    </None>
    <None Include="$(MSBuildThisFileDirectory)Internal\OpenLibM\s_fpclassify.inl">
      <Filter>Internal\OpenLibM</Filter>
    </None>
    <None Include="$(MSBuildThisFileDirectory)Internal\OpenLibM\s_frexp.inl">
      <Filter>Internal\OpenLibM</Filter>
    </None>
    <None Include="$(MSBuildThisFileDirectory)Internal\OpenLibM\s_frexpf.inl">
      <Filter>Internal\OpenLibM</Filter>
    </None>
    <None Include="$(MSBuildThisFileDirectory)Internal\OpenLibM\s_ilogb.inl">
      <Filter>Internal\OpenLibM</Filter>
    </None>
    <None Include="$(MSBuildThisFileDirectory)Internal\OpenLibM\s_ilogbf.inl">
      <Filter>Internal\OpenLibM</Filter>
    </None>
    <None Include="$(MSBuildThisFileDirectory)Internal\OpenLibM\s_isfinite.inl">
      <Filter>Internal\OpenLibM</Filter>
    </None>
    <None Include="$(MSBuildThisFileDirectory)Internal\OpenLibM\s_isinf.inl">
      <Filter>Internal\OpenLibM</Filter>
    </None>
    <None Include="$(MSBuildThisFileDirectory)Internal\OpenLibM\s_isnan.inl">
      <Filter>Internal\OpenLibM</Filter>
    </None>
    <None Include="$(MSBuildThisFileDirectory)Internal\OpenLibM\s_isnormal.inl">
      <Filter>Internal\OpenLibM</Filter>
    </None>
    <None Include="$(MSBuildThisFileDirectory)Internal\OpenLibM\s_llrint.inl">
      <Filter>Internal\OpenLibM</Filter>
    </None>
    <None Include="$(MSBuildThisFileDirectory)Internal\OpenLibM\s_llrintf.inl">
      <Filter>Internal\OpenLibM</Filter>
    </None>
    <None Include="$(MSBuildThisFileDirectory)Internal\OpenLibM\s_llround.inl">
      <Filter>Internal\OpenLibM</Filter>
    </None>
    <None Include="$(MSBuildThisFileDirectory)Internal\OpenLibM\s_llroundf.inl">
      <Filter>Internal\OpenLibM</Filter>
    </None>
    <None Include="$(MSBuildThisFileDirectory)Internal\OpenLibM\s_log1p.inl">
      <Filter>Internal\OpenLibM</Filter>
    </None>
    <None Include="$(MSBuildThisFileDirectory)Internal\OpenLibM\s_log1pf.inl">
      <Filter>Internal\OpenLibM</Filter>
    </None>
    <None Include="$(MSBuildThisFileDirectory)Internal\OpenLibM\s_logb.inl">
      <Filter>Internal\OpenLibM</Filter>
    </None>
    <None Include="$(MSBuildThisFileDirectory)Internal\OpenLibM\s_logbf.inl">
      <Filter>Internal\OpenLibM</Filter>
    </None>
    <None Include="$(MSBuildThisFileDirectory)Internal\OpenLibM\s_lrint.inl">
      <Filter>Internal\OpenLibM</Filter>
    </None>
    <None Include="$(MSBuildThisFileDirectory)Internal\OpenLibM\s_lrintf.inl">
      <Filter>Internal\OpenLibM</Filter>
    </None>
    <None Include="$(MSBuildThisFileDirectory)Internal\OpenLibM\s_lround.inl">
      <Filter>Internal\OpenLibM</Filter>
    </None>
    <None Include="$(MSBuildThisFileDirectory)Internal\OpenLibM\s_lroundf.inl">
      <Filter>Internal\OpenLibM</Filter>
    </None>
    <None Include="$(MSBuildThisFileDirectory)Internal\OpenLibM\s_modf.inl">
      <Filter>Internal\OpenLibM</Filter>
    </None>
    <None Include="$(MSBuildThisFileDirectory)Internal\OpenLibM\s_modff.inl">
      <Filter>Internal\OpenLibM</Filter>
    </None>
    <None Include="$(MSBuildThisFileDirectory)Internal\OpenLibM\s_nan.inl">
      <Filter>Internal\OpenLibM</Filter>
    </None>
    <None Include="$(MSBuildThisFileDirectory)Internal\OpenLibM\s_nearbyint.inl">
      <Filter>Internal\OpenLibM</Filter>
    </None>
    <None Include="$(MSBuildThisFileDirectory)Internal\OpenLibM\s_nextafter.inl">
      <Filter>Internal\OpenLibM</Filter>
    </None>
    <None Include="$(MSBuildThisFileDirectory)Internal\OpenLibM\s_nextafterf.inl">
      <Filter>Internal\OpenLibM</Filter>
    </None>
    <None Include="$(MSBuildThisFileDirectory)Internal\OpenLibM\s_nexttoward.inl">
      <Filter>Internal\OpenLibM</Filter>
    </None>
    <None Include="$(MSBuildThisFileDirectory)Internal\OpenLibM\s_nexttowardf.inl">
      <Filter>Internal\OpenLibM</Filter>
    </None>
    <None Include="$(MSBuildThisFileDirectory)Internal\OpenLibM\s_remquo.inl">
      <Filter>Internal\OpenLibM</Filter>
    </None>
    <None Include="$(MSBuildThisFileDirectory)Internal\OpenLibM\s_remquof.inl">
      <Filter>Internal\OpenLibM</Filter>
    </None>
    <None Include="$(MSBuildThisFileDirectory)Internal\OpenLibM\s_rint.inl">
      <Filter>Internal\OpenLibM</Filter>
    </None>
    <None Include="$(MSBuildThisFileDirectory)Internal\OpenLibM\s_rintf.inl">
      <Filter>Internal\OpenLibM</Filter>
    </None>
    <None Include="$(MSBuildThisFileDirectory)Internal\OpenLibM\s_round.inl">
      <Filter>Internal\OpenLibM</Filter>
    </None>
    <None Include="$(MSBuildThisFileDirectory)Internal\OpenLibM\s_roundf.inl">
      <Filter>Internal\OpenLibM</Filter>
    </None>
    <None Include="$(MSBuildThisFileDirectory)Internal\OpenLibM\s_scalbln.inl">
      <Filter>Internal\OpenLibM</Filter>
    </None>
    <None Include="$(MSBuildThisFileDirectory)Internal\OpenLibM\s_scalbn.inl">
      <Filter>Internal\OpenLibM</Filter>
    </None>
    <None Include="$(MSBuildThisFileDirectory)Internal\OpenLibM\s_scalbnf.inl">
      <Filter>Internal\OpenLibM</Filter>
    </None>
    <None Include="$(MSBuildThisFileDirectory)Internal\OpenLibM\s_signbit.inl">
      <Filter>Internal\OpenLibM</Filter>
    </None>
    <None Include="$(MSBuildThisFileDirectory)Internal\OpenLibM\s_signgam.inl">
      <Filter>Internal\OpenLibM</Filter>
    </None>
    <None Include="$(MSBuildThisFileDirectory)Internal\OpenLibM\s_sin.inl">
      <Filter>Internal\OpenLibM</Filter>
    </None>
    <None Include="$(MSBuildThisFileDirectory)Internal\OpenLibM\s_sincos.inl">
      <Filter>Internal\OpenLibM</Filter>
    </None>
    <None Include="$(MSBuildThisFileDirectory)Internal\OpenLibM\s_sincosf.inl">
      <Filter>Internal\OpenLibM</Filter>
    </None>
    <None Include="$(MSBuildThisFileDirectory)Internal\OpenLibM\s_sinf.inl">
      <Filter>Internal\OpenLibM</Filter>
    </None>
    <None Include="$(MSBuildThisFileDirectory)Internal\OpenLibM\s_tan.inl">
      <Filter>Internal\OpenLibM</Filter>
    </None>
    <None Include="$(MSBuildThisFileDirectory)Internal\OpenLibM\s_tanf.inl">
      <Filter>Internal\OpenLibM</Filter>
    </None>
    <None Include="$(MSBuildThisFileDirectory)Internal\OpenLibM\s_tanh.inl">
      <Filter>Internal\OpenLibM</Filter>
    </None>
    <None Include="$(MSBuildThisFileDirectory)Internal\OpenLibM\s_tanhf.inl">
      <Filter>Internal\OpenLibM</Filter>
    </None>
    <None Include="$(MSBuildThisFileDirectory)Internal\OpenLibM\s_tgammaf.inl">
      <Filter>Internal\OpenLibM</Filter>
    </None>
    <None Include="$(MSBuildThisFileDirectory)Internal\OpenLibM\s_trunc.inl">
      <Filter>Internal\OpenLibM</Filter>
    </None>
    <None Include="$(MSBuildThisFileDirectory)Internal\OpenLibM\s_truncf.inl">
      <Filter>Internal\OpenLibM</Filter>
    </None>
    <None Include="$(MSBuildThisFileDirectory)Internal\OpenLibM\w_cabs.inl">
      <Filter>Internal\OpenLibM</Filter>
    </None>
    <None Include="$(MSBuildThisFileDirectory)Internal\OpenLibM\w_cabsf.inl">
      <Filter>Internal\OpenLibM</Filter>
    </None>
  </ItemGroup>
</Project>