<?xml version="1.0" encoding="utf-8"?>
<Project ToolsVersion="4.0" xmlns="http://schemas.microsoft.com/developer/msbuild/2003">
  <ItemGroup>
    <Filter Include="Source Files">
      <UniqueIdentifier>{4FC737F1-C7A5-4376-A066-2A32D752A2FF}</UniqueIdentifier>
      <Extensions>cpp;c;cc;cxx;c++;cppm;ixx;def;odl;idl;hpj;bat;asm;asmx</Extensions>
    </Filter>
    <Filter Include="Header Files">
      <UniqueIdentifier>{93995380-89BD-4b04-88EB-625FBE52EBFB}</UniqueIdentifier>
      <Extensions>h;hh;hpp;hxx;h++;hm;inl;inc;ipp;xsd</Extensions>
    </Filter>
    <Filter Include="Resource Files">
      <UniqueIdentifier>{67DA6AB6-F800-4c08-8B7A-83BB121AAD01}</UniqueIdentifier>
      <Extensions>rc;ico;cur;bmp;dlg;rc2;rct;bin;rgs;gif;jpg;jpeg;jpe;resx;tiff;tif;png;wav;mfcribbon-ms</Extensions>
    </Filter>
    <Filter Include="Shaders">
      <UniqueIdentifier>{0c3f8c52-e77d-4a34-86bf-f3b7729cb5ec}</UniqueIdentifier>
    </Filter>
  </ItemGroup>
  <ItemGroup>
    <ClInclude Include="pch.h">
      <Filter>Header Files</Filter>
    </ClInclude>
    <ClInclude Include="HDMMAnimation.h">
      <Filter>Header Files</Filter>
    </ClInclude>
    <ClInclude Include="HDMMConstantBuffers.h">
      <Filter>Header Files</Filter>
    </ClInclude>
    <ClInclude Include="HDMMglTF.h">
      <Filter>Header Files</Filter>
    </ClInclude>
    <ClInclude Include="HDMMIndexOptimizePostTransform.h">
      <Filter>Header Files</Filter>
    </ClInclude>
    <ClInclude Include="HDMMLightManager.h">
      <Filter>Header Files</Filter>
    </ClInclude>
    <ClInclude Include="HDMMMeshConvert.h">
      <Filter>Header Files</Filter>
    </ClInclude>
    <ClInclude Include="HDMMModel.h">
      <Filter>Header Files</Filter>
    </ClInclude>
    <ClInclude Include="HDMMModelH3D.h">
      <Filter>Header Files</Filter>
    </ClInclude>
    <ClInclude Include="HDMMModelLoader.h">
      <Filter>Header Files</Filter>
    </ClInclude>
    <ClInclude Include="HDMMParticleEffects.h">
      <Filter>Header Files</Filter>
    </ClInclude>
    <ClInclude Include="HDMMRenderer.h">
      <Filter>Header Files</Filter>
    </ClInclude>
    <ClInclude Include="HDMMSponzaRenderer.h">
      <Filter>Header Files</Filter>
    </ClInclude>
    <ClInclude Include="HDMMTextureConvert.h">
      <Filter>Header Files</Filter>
    </ClInclude>
    <ClInclude Include="HDMMDef.h">
      <Filter>Header Files</Filter>
    </ClInclude>
  </ItemGroup>
  <ItemGroup>
    <ClCompile Include="dllmain.cpp">
      <Filter>Source Files</Filter>
    </ClCompile>
    <ClCompile Include="pch.cpp">
      <Filter>Source Files</Filter>
    </ClCompile>
    <ClCompile Include="HDMMAnimation.cpp">
      <Filter>Source Files</Filter>
    </ClCompile>
    <ClCompile Include="HDMMBuildH3D.cpp">
      <Filter>Source Files</Filter>
    </ClCompile>
    <ClCompile Include="HDMMglTF.cpp">
      <Filter>Source Files</Filter>
    </ClCompile>
    <ClCompile Include="HDMMIndexOptimizePostTransform.cpp">
      <Filter>Source Files</Filter>
    </ClCompile>
    <ClCompile Include="HDMMLightManager.cpp">
      <Filter>Source Files</Filter>
    </ClCompile>
    <ClCompile Include="HDMMMeshConvert.cpp">
      <Filter>Source Files</Filter>
    </ClCompile>
    <ClCompile Include="HDMMModel.cpp">
      <Filter>Source Files</Filter>
    </ClCompile>
    <ClCompile Include="HDMMModelConvert.cpp">
      <Filter>Source Files</Filter>
    </ClCompile>
    <ClCompile Include="HDMMModelH3D.cpp">
      <Filter>Source Files</Filter>
    </ClCompile>
    <ClCompile Include="HDMMModelLoader.cpp">
      <Filter>Source Files</Filter>
    </ClCompile>
    <ClCompile Include="HDMMParticleEffects.cpp">
      <Filter>Source Files</Filter>
    </ClCompile>
    <ClCompile Include="HDMMRenderer.cpp">
      <Filter>Source Files</Filter>
    </ClCompile>
    <ClCompile Include="HDMMSponzaRenderer.cpp">
      <Filter>Source Files</Filter>
    </ClCompile>
    <ClCompile Include="HDMMTextureConvert.cpp">
      <Filter>Source Files</Filter>
    </ClCompile>
  </ItemGroup>
  <ItemGroup>
    <None Include="Shaders\Common.hlsli">
      <Filter>Shaders</Filter>
    </None>
    <None Include="Shaders\FillLightGridCS.hlsli">
      <Filter>Shaders</Filter>
    </None>
    <None Include="Shaders\LightGrid.hlsli">
      <Filter>Shaders</Filter>
    </None>
    <None Include="Shaders\Lighting.hlsli">
      <Filter>Shaders</Filter>
    </None>
  </ItemGroup>
  <ItemGroup>
    <FxCompile Include="Shaders\CutoutDepthPS.hlsl">
      <Filter>Shaders</Filter>
    </FxCompile>
    <FxCompile Include="Shaders\CutoutDepthSkinVS.hlsl">
      <Filter>Shaders</Filter>
    </FxCompile>
    <FxCompile Include="Shaders\CutoutDepthVS.hlsl">
      <Filter>Shaders</Filter>
    </FxCompile>
    <FxCompile Include="Shaders\DefaultNoTangentNoUV1PS.hlsl">
      <Filter>Shaders</Filter>
    </FxCompile>
    <FxCompile Include="Shaders\DefaultNoTangentNoUV1SkinVS.hlsl">
      <Filter>Shaders</Filter>
    </FxCompile>
    <FxCompile Include="Shaders\DefaultNoTangentNoUV1VS.hlsl">
      <Filter>Shaders</Filter>
    </FxCompile>
    <FxCompile Include="Shaders\DefaultNoTangentPS.hlsl">
      <Filter>Shaders</Filter>
    </FxCompile>
    <FxCompile Include="Shaders\DefaultNoTangentSkinVS.hlsl">
      <Filter>Shaders</Filter>
    </FxCompile>
    <FxCompile Include="Shaders\DefaultNoTangentVS.hlsl">
      <Filter>Shaders</Filter>
    </FxCompile>
    <FxCompile Include="Shaders\DefaultNoUV1PS.hlsl">
      <Filter>Shaders</Filter>
    </FxCompile>
    <FxCompile Include="Shaders\DefaultNoUV1SkinVS.hlsl">
      <Filter>Shaders</Filter>
    </FxCompile>
    <FxCompile Include="Shaders\DefaultNoUV1VS.hlsl">
      <Filter>Shaders</Filter>
    </FxCompile>
    <FxCompile Include="Shaders\DefaultPS.hlsl">
      <Filter>Shaders</Filter>
    </FxCompile>
    <FxCompile Include="Shaders\DefaultSkinVS.hlsl">
      <Filter>Shaders</Filter>
    </FxCompile>
    <FxCompile Include="Shaders\DefaultVS.hlsl">
      <Filter>Shaders</Filter>
    </FxCompile>
    <FxCompile Include="Shaders\DepthOnlySkinVS.hlsl">
      <Filter>Shaders</Filter>
    </FxCompile>
    <FxCompile Include="Shaders\DepthOnlyVS.hlsl">
      <Filter>Shaders</Filter>
    </FxCompile>
    <FxCompile Include="Shaders\DepthViewerPS.hlsl">
      <Filter>Shaders</Filter>
    </FxCompile>
    <FxCompile Include="Shaders\DepthViewerVS.hlsl">
      <Filter>Shaders</Filter>
    </FxCompile>
    <FxCompile Include="Shaders\FillLightGridCS_8.hlsl">
      <Filter>Shaders</Filter>
    </FxCompile>
    <FxCompile Include="Shaders\FillLightGridCS_16.hlsl">
      <Filter>Shaders</Filter>
    </FxCompile>
    <FxCompile Include="Shaders\FillLightGridCS_24.hlsl">
      <Filter>Shaders</Filter>
    </FxCompile>
    <FxCompile Include="Shaders\FillLightGridCS_32.hlsl">
      <Filter>Shaders</Filter>
    </FxCompile>
    <FxCompile Include="Shaders\ModelViewerPS.hlsl">
      <Filter>Shaders</Filter>
    </FxCompile>
    <FxCompile Include="Shaders\ModelViewerVS.hlsl">
      <Filter>Shaders</Filter>
    </FxCompile>
    <FxCompile Include="Shaders\SkyboxPS.hlsl">
      <Filter>Shaders</Filter>
    </FxCompile>
    <FxCompile Include="Shaders\SkyboxVS.hlsl">
      <Filter>Shaders</Filter>
    </FxCompile>
  </ItemGroup>
</Project>