<?xml version="1.0" encoding="utf-8"?>
<Project ToolsVersion="4.0" xmlns="http://schemas.microsoft.com/developer/msbuild/2003">
  <ItemGroup>
    <Filter Include="Source Files">
      <UniqueIdentifier>{4FC737F1-C7A5-4376-A066-2A32D752A2FF}</UniqueIdentifier>
      <Extensions>cpp;c;cc;cxx;c++;cppm;ixx;def;odl;idl;hpj;bat;asm;asmx</Extensions>
    </Filter>
    <Filter Include="Header Files">
      <UniqueIdentifier>{93995380-89BD-4b04-88EB-625FBE52EBFB}</UniqueIdentifier>
      <Extensions>h;hh;hpp;hxx;h++;hm;inl;inc;ipp;xsd</Extensions>
    </Filter>
    <Filter Include="Resource Files">
      <UniqueIdentifier>{67DA6AB6-F800-4c08-8B7A-83BB121AAD01}</UniqueIdentifier>
      <Extensions>rc;ico;cur;bmp;dlg;rc2;rct;bin;rgs;gif;jpg;jpeg;jpe;resx;tiff;tif;png;wav;mfcribbon-ms</Extensions>
    </Filter>
  </ItemGroup>
  <ItemGroup>
    <ClCompile Include="Harlinn.Common.Core.Tests.cpp">
      <Filter>Source Files</Filter>
    </ClCompile>
    <ClCompile Include="StringTests.cpp">
      <Filter>Source Files</Filter>
    </ClCompile>
    <ClCompile Include="DateTimeTests.cpp">
      <Filter>Source Files</Filter>
    </ClCompile>
    <ClCompile Include="EseTests.cpp">
      <Filter>Source Files</Filter>
    </ClCompile>
    <ClCompile Include="CurrencyTests.cpp">
      <Filter>Source Files</Filter>
    </ClCompile>
    <ClCompile Include="ThreadTests.cpp">
      <Filter>Source Files</Filter>
    </ClCompile>
    <ClCompile Include="ContextTests.cpp">
      <Filter>Source Files</Filter>
    </ClCompile>
    <ClCompile Include="LMDBTests.cpp">
      <Filter>Source Files</Filter>
    </ClCompile>
    <ClCompile Include="BinaryRWTests.cpp">
      <Filter>Source Files</Filter>
    </ClCompile>
    <ClCompile Include="TimeSpanTests.cpp">
      <Filter>Source Files</Filter>
    </ClCompile>
    <ClCompile Include="EventWaitHandleTests.cpp">
      <Filter>Source Files</Filter>
    </ClCompile>
    <ClCompile Include="MutexTests.cpp">
      <Filter>Source Files</Filter>
    </ClCompile>
    <ClCompile Include="CriticalSectionTests.cpp">
      <Filter>Source Files</Filter>
    </ClCompile>
    <ClCompile Include="SynchronizationBarrierTests.cpp">
      <Filter>Source Files</Filter>
    </ClCompile>
    <ClCompile Include="SimpleConcurrentQueueTests.cpp">
      <Filter>Source Files</Filter>
    </ClCompile>
    <ClCompile Include="SlimReaderWriterLockTests.cpp">
      <Filter>Source Files</Filter>
    </ClCompile>
    <ClCompile Include="SpinlockTests.cpp">
      <Filter>Source Files</Filter>
    </ClCompile>
    <ClCompile Include="VariantTests.cpp">
      <Filter>Source Files</Filter>
    </ClCompile>
    <ClCompile Include="XmlTests.cpp">
      <Filter>Source Files</Filter>
    </ClCompile>
    <ClCompile Include="MemoryStreamTests.cpp">
      <Filter>Source Files</Filter>
    </ClCompile>
    <ClCompile Include="BufferStreamTests.cpp">
      <Filter>Source Files</Filter>
    </ClCompile>
    <ClCompile Include="BlocksStreamTests.cpp">
      <Filter>Source Files</Filter>
    </ClCompile>
    <ClCompile Include="GuidTests.cpp">
      <Filter>Source Files</Filter>
    </ClCompile>
    <ClCompile Include="IStreamMemoryStreamTests.cpp">
      <Filter>Source Files</Filter>
    </ClCompile>
    <ClCompile Include="ProcessTests.cpp">
      <Filter>Source Files</Filter>
    </ClCompile>
    <ClCompile Include="SocketTests.cpp">
      <Filter>Source Files</Filter>
    </ClCompile>
    <ClCompile Include="EnvironmentTests.cpp">
      <Filter>Source Files</Filter>
    </ClCompile>
    <ClCompile Include="WaitableTimerTests.cpp">
      <Filter>Source Files</Filter>
    </ClCompile>
    <ClCompile Include="TimerQueueTests.cpp">
      <Filter>Source Files</Filter>
    </ClCompile>
    <ClCompile Include="ConvertersTests.cpp">
      <Filter>Source Files</Filter>
    </ClCompile>
    <ClCompile Include="FixedStringTests.cpp">
      <Filter>Source Files</Filter>
    </ClCompile>
    <ClCompile Include="LibTests.cpp">
      <Filter>Source Files</Filter>
    </ClCompile>
    <ClCompile Include="SecurityTrusteeTests.cpp">
      <Filter>Source Files</Filter>
    </ClCompile>
    <ClCompile Include="SecuritySecurityIdTests.cpp">
      <Filter>Source Files</Filter>
    </ClCompile>
    <ClCompile Include="SecurityLocalUniqueIdTests.cpp">
      <Filter>Source Files</Filter>
    </ClCompile>
    <ClCompile Include="SecurityAccessMaskTests.cpp">
      <Filter>Source Files</Filter>
    </ClCompile>
    <ClCompile Include="SecurityAccessControlListTests.cpp">
      <Filter>Source Files</Filter>
    </ClCompile>
    <ClCompile Include="SecurityTokenTests.cpp">
      <Filter>Source Files</Filter>
    </ClCompile>
    <ClCompile Include="CryptoSertificateStoreTests.cpp">
      <Filter>Source Files</Filter>
    </ClCompile>
    <ClCompile Include="SecurityPackageTests.cpp">
      <Filter>Source Files</Filter>
    </ClCompile>
    <ClCompile Include="SocketSecurityTests.cpp">
      <Filter>Source Files</Filter>
    </ClCompile>
    <ClCompile Include="VectorTests.cpp">
      <Filter>Source Files</Filter>
    </ClCompile>
    <ClCompile Include="TupleTests.cpp">
      <Filter>Source Files</Filter>
    </ClCompile>
    <ClCompile Include="ArrayTests.cpp">
      <Filter>Source Files</Filter>
    </ClCompile>
    <ClCompile Include="TraitsTests.cpp">
      <Filter>Source Files</Filter>
    </ClCompile>
    <ClCompile Include="PersistentTests.cpp">
      <Filter>Source Files</Filter>
    </ClCompile>
    <ClCompile Include="SocketTest2.cpp">
      <Filter>Source Files</Filter>
    </ClCompile>
    <ClCompile Include="TypeDescriptorCursorTests.cpp">
      <Filter>Source Files</Filter>
    </ClCompile>
    <ClCompile Include="LoggerLMDBSinkStorageTests.cpp">
      <Filter>Source Files</Filter>
    </ClCompile>
    <ClCompile Include="MathTests.cpp">
      <Filter>Source Files</Filter>
    </ClCompile>
    <ClCompile Include="MathMatrixTests.cpp">
      <Filter>Source Files</Filter>
    </ClCompile>
    <ClCompile Include="FileTests.cpp">
      <Filter>Source Files</Filter>
    </ClCompile>
    <ClCompile Include="CommDeviceTests.cpp">
      <Filter>Source Files</Filter>
    </ClCompile>
    <ClCompile Include="ComInterfacesTests.cpp">
      <Filter>Source Files</Filter>
    </ClCompile>
    <ClCompile Include="ComImplTests.cpp">
      <Filter>Source Files</Filter>
    </ClCompile>
    <ClCompile Include="BitsTests.cpp">
      <Filter>Source Files</Filter>
    </ClCompile>
    <ClCompile Include="BitVectorTests.cpp">
      <Filter>Source Files</Filter>
    </ClCompile>
    <ClCompile Include="pch.cpp">
      <Filter>Source Files</Filter>
    </ClCompile>
    <ClCompile Include="ConcurrentQueueTests.cpp">
      <Filter>Source Files</Filter>
    </ClCompile>
    <ClCompile Include="ListTests.cpp">
      <Filter>Source Files</Filter>
    </ClCompile>
    <ClCompile Include="SerializationRWTests.cpp">
      <Filter>Source Files</Filter>
    </ClCompile>
    <ClCompile Include="DirectoryUtilsTests.cpp">
      <Filter>Source Files</Filter>
    </ClCompile>
    <ClCompile Include="BitsConversionTests.cpp">
      <Filter>Source Files</Filter>
    </ClCompile>
    <ClCompile Include="LoggerLevelTests.cpp">
      <Filter>Source Files</Filter>
    </ClCompile>
    <ClCompile Include="ZMQTests.cpp">
      <Filter>Source Files</Filter>
    </ClCompile>
    <ClCompile Include="FlagsTests.cpp">
      <Filter>Source Files</Filter>
    </ClCompile>
    <ClCompile Include="EseOptionsTests.cpp">
      <Filter>Source Files</Filter>
    </ClCompile>
    <ClCompile Include="IntervalTests.cpp">
      <Filter>Source Files</Filter>
    </ClCompile>
  </ItemGroup>
  <ItemGroup>
    <ClInclude Include="pch.h">
      <Filter>Header Files</Filter>
    </ClInclude>
  </ItemGroup>
  <ItemGroup>
    <Xml Include="EseOptionsTests.xml">
      <Filter>Source Files</Filter>
    </Xml>
  </ItemGroup>
</Project>