<?xml version="1.0" encoding="utf-8"?>
<Project ToolsVersion="4.0" xmlns="http://schemas.microsoft.com/developer/msbuild/2003">
  <ItemGroup>
    <Filter Include="Source Files">
      <UniqueIdentifier>{4FC737F1-C7A5-4376-A066-2A32D752A2FF}</UniqueIdentifier>
      <Extensions>cpp;c;cc;cxx;c++;cppm;ixx;def;odl;idl;hpj;bat;asm;asmx</Extensions>
    </Filter>
    <Filter Include="Header Files">
      <UniqueIdentifier>{93995380-89BD-4b04-88EB-625FBE52EBFB}</UniqueIdentifier>
      <Extensions>h;hh;hpp;hxx;h++;hm;inl;inc;ipp;xsd</Extensions>
    </Filter>
    <Filter Include="Resource Files">
      <UniqueIdentifier>{67DA6AB6-F800-4c08-8B7A-83BB121AAD01}</UniqueIdentifier>
      <Extensions>rc;ico;cur;bmp;dlg;rc2;rct;bin;rgs;gif;jpg;jpeg;jpe;resx;tiff;tif;png;wav;mfcribbon-ms</Extensions>
    </Filter>
    <Filter Include="vlc">
      <UniqueIdentifier>{bdc333a8-28e9-4352-af8c-2fb5dabec7e1}</UniqueIdentifier>
    </Filter>
    <Filter Include="gst">
      <UniqueIdentifier>{2899f046-603d-4c4e-8309-3ef5700d7a9d}</UniqueIdentifier>
    </Filter>
    <Filter Include="glib">
      <UniqueIdentifier>{5da76478-826c-46f8-85f4-1251184460ab}</UniqueIdentifier>
    </Filter>
  </ItemGroup>
  <ItemGroup>
    <ClInclude Include="pch.h">
      <Filter>Header Files</Filter>
    </ClInclude>
    <ClInclude Include="vlc\LibVLCWrapper.h">
      <Filter>vlc</Filter>
    </ClInclude>
    <ClInclude Include="HWMDef.h">
      <Filter>Header Files</Filter>
    </ClInclude>
    <ClInclude Include="HWMVlc.h">
      <Filter>Header Files</Filter>
    </ClInclude>
    <ClInclude Include="HWMVlcCommon.h">
      <Filter>Header Files</Filter>
    </ClInclude>
    <ClInclude Include="HWMGst.h">
      <Filter>Header Files</Filter>
    </ClInclude>
    <ClInclude Include="HWMGlib.h">
      <Filter>Header Files</Filter>
    </ClInclude>
    <ClInclude Include="glib\HWMgerror.h">
      <Filter>glib</Filter>
    </ClInclude>
    <ClInclude Include="glib\HWMgquark.h">
      <Filter>glib</Filter>
    </ClInclude>
    <ClInclude Include="glib\HWMgtypes.h">
      <Filter>glib</Filter>
    </ClInclude>
    <ClInclude Include="glib\HWMgoption.h">
      <Filter>glib</Filter>
    </ClInclude>
  </ItemGroup>
  <ItemGroup>
    <ClCompile Include="dllmain.cpp">
      <Filter>Source Files</Filter>
    </ClCompile>
    <ClCompile Include="pch.cpp">
      <Filter>Source Files</Filter>
    </ClCompile>
    <ClCompile Include="vlc\LibVLCWrapper.cpp">
      <Filter>vlc</Filter>
    </ClCompile>
    <ClCompile Include="vlc\libvlc.cpp">
      <Filter>vlc</Filter>
    </ClCompile>
    <ClCompile Include="vlc\libvlc_dialog.cpp">
      <Filter>vlc</Filter>
    </ClCompile>
    <ClCompile Include="vlc\libvlc_media.cpp">
      <Filter>vlc</Filter>
    </ClCompile>
    <ClCompile Include="vlc\libvlc_vlm.cpp">
      <Filter>vlc</Filter>
    </ClCompile>
    <ClCompile Include="HWMVlc.cpp">
      <Filter>Source Files</Filter>
    </ClCompile>
    <ClCompile Include="HWMVlcArguments.cpp">
      <Filter>vlc</Filter>
    </ClCompile>
    <ClCompile Include="vlc\libvlc_deprecated.cpp">
      <Filter>vlc</Filter>
    </ClCompile>
    <ClCompile Include="vlc\libvlc_media_discoverer.cpp">
      <Filter>vlc</Filter>
    </ClCompile>
    <ClCompile Include="vlc\libvlc_media_library.cpp">
      <Filter>vlc</Filter>
    </ClCompile>
    <ClCompile Include="vlc\libvlc_media_list.cpp">
      <Filter>vlc</Filter>
    </ClCompile>
    <ClCompile Include="vlc\libvlc_media_list_player.cpp">
      <Filter>vlc</Filter>
    </ClCompile>
    <ClCompile Include="vlc\libvlc_media_player.cpp">
      <Filter>vlc</Filter>
    </ClCompile>
    <ClCompile Include="vlc\libvlc_renderer_discoverer.cpp">
      <Filter>vlc</Filter>
    </ClCompile>
    <ClCompile Include="gst\HWMGst.cpp">
      <Filter>gst</Filter>
    </ClCompile>
    <ClCompile Include="glib\HWMGlib.cpp">
      <Filter>glib</Filter>
    </ClCompile>
    <ClCompile Include="glib\HWMgquark.cpp">
      <Filter>glib</Filter>
    </ClCompile>
    <ClCompile Include="glib\HWMgerror.cpp">
      <Filter>glib</Filter>
    </ClCompile>
    <ClCompile Include="glib\HWMgoption.cpp">
      <Filter>glib</Filter>
    </ClCompile>
  </ItemGroup>
  <ItemGroup>
    <None Include="vlc\Readme.md">
      <Filter>vlc</Filter>
    </None>
  </ItemGroup>
</Project>