<?xml version="1.0" encoding="utf-8"?>
<Project ToolsVersion="4.0" xmlns="http://schemas.microsoft.com/developer/msbuild/2003">
  <ItemGroup>
    <Filter Include="Source Files">
      <UniqueIdentifier>{4FC737F1-C7A5-4376-A066-2A32D752A2FF}</UniqueIdentifier>
      <Extensions>cpp;c;cc;cxx;c++;cppm;ixx;def;odl;idl;hpj;bat;asm;asmx</Extensions>
    </Filter>
    <Filter Include="Header Files">
      <UniqueIdentifier>{93995380-89BD-4b04-88EB-625FBE52EBFB}</UniqueIdentifier>
      <Extensions>h;hh;hpp;hxx;h++;hm;inl;inc;ipp;xsd</Extensions>
    </Filter>
    <Filter Include="Resource Files">
      <UniqueIdentifier>{67DA6AB6-F800-4c08-8B7A-83BB121AAD01}</UniqueIdentifier>
      <Extensions>rc;ico;cur;bmp;dlg;rc2;rct;bin;rgs;gif;jpg;jpeg;jpe;resx;tiff;tif;png;wav;mfcribbon-ms</Extensions>
    </Filter>
    <Filter Include="Assets">
      <UniqueIdentifier>{f49bb6d1-4b21-45f2-96a6-052a2454da81}</UniqueIdentifier>
    </Filter>
    <Filter Include="Media">
      <UniqueIdentifier>{0b8bc45b-cdd0-4509-948d-80671e292915}</UniqueIdentifier>
    </Filter>
    <Filter Include="Media\Fonts">
      <UniqueIdentifier>{e82b7d45-7113-4947-85b9-54f9dc3b94a5}</UniqueIdentifier>
    </Filter>
  </ItemGroup>
  <ItemGroup>
    <ClCompile Include="EDXApp.cpp">
      <Filter>Source Files</Filter>
    </ClCompile>
    <ClCompile Include="MediaEnginePlayer.cpp">
      <Filter>Source Files</Filter>
    </ClCompile>
  </ItemGroup>
  <ItemGroup>
    <Manifest Include="settings.manifest" />
  </ItemGroup>
  <ItemGroup>
    <FxCompile Include="Assets\ImageToTensor.hlsl">
      <Filter>Assets</Filter>
    </FxCompile>
    <FxCompile Include="Assets\PixelShader.hlsl">
      <Filter>Assets</Filter>
    </FxCompile>
    <FxCompile Include="Assets\TensorToImagePS.hlsl">
      <Filter>Assets</Filter>
    </FxCompile>
    <FxCompile Include="Assets\TensorToImageVS.hlsl">
      <Filter>Assets</Filter>
    </FxCompile>
    <FxCompile Include="Assets\VertexShader.hlsl">
      <Filter>Assets</Filter>
    </FxCompile>
  </ItemGroup>
  <ItemGroup>
    <None Include="Assets\TensorToImage.hlsli">
      <Filter>Assets</Filter>
    </None>
    <None Include="Media\Fonts\SegoeUI_18.spritefont">
      <Filter>Media\Fonts</Filter>
    </None>
    <None Include="Media\Fonts\SegoeUI_30.spritefont">
      <Filter>Media\Fonts</Filter>
    </None>
    <None Include="Media\Fonts\SegoeUI_30_Bold.spritefont">
      <Filter>Media\Fonts</Filter>
    </None>
    <None Include="Media\Fonts\XboxOneControllerLegendSmall.spritefont">
      <Filter>Media\Fonts</Filter>
    </None>
  </ItemGroup>
  <ItemGroup>
    <ClInclude Include="MediaEnginePlayer.h">
      <Filter>Header Files</Filter>
    </ClInclude>
    <ClInclude Include="EDXContext.h">
      <Filter>Header Files</Filter>
    </ClInclude>
    <ClInclude Include="TensorExtents.h">
      <Filter>Header Files</Filter>
    </ClInclude>
    <ClInclude Include="TensorUtil.h">
      <Filter>Header Files</Filter>
    </ClInclude>
    <ClInclude Include="TensorView.h">
      <Filter>Header Files</Filter>
    </ClInclude>
  </ItemGroup>
</Project>