<?xml version="1.0" encoding="utf-8"?>
<Project ToolsVersion="4.0" xmlns="http://schemas.microsoft.com/developer/msbuild/2003">
  <ItemGroup>
    <Filter Include="Source Files">
      <UniqueIdentifier>{4FC737F1-C7A5-4376-A066-2A32D752A2FF}</UniqueIdentifier>
      <Extensions>cpp;c;cc;cxx;c++;cppm;ixx;def;odl;idl;hpj;bat;asm;asmx</Extensions>
    </Filter>
    <Filter Include="Header Files">
      <UniqueIdentifier>{93995380-89BD-4b04-88EB-625FBE52EBFB}</UniqueIdentifier>
      <Extensions>h;hh;hpp;hxx;h++;hm;inl;inc;ipp;xsd</Extensions>
    </Filter>
    <Filter Include="Resource Files">
      <UniqueIdentifier>{67DA6AB6-F800-4c08-8B7A-83BB121AAD01}</UniqueIdentifier>
      <Extensions>rc;ico;cur;bmp;dlg;rc2;rct;bin;rgs;gif;jpg;jpeg;jpe;resx;tiff;tif;png;wav;mfcribbon-ms</Extensions>
    </Filter>
  </ItemGroup>
  <ItemGroup>
    <ClInclude Include="framework.h">
      <Filter>Header Files</Filter>
    </ClInclude>
    <ClInclude Include="pch.h">
      <Filter>Header Files</Filter>
    </ClInclude>
    <ClInclude Include="HODef.h">
      <Filter>Header Files</Filter>
    </ClInclude>
    <ClInclude Include="HOCI.h">
      <Filter>Header Files</Filter>
    </ClInclude>
    <ClInclude Include="HOCITypes.h">
      <Filter>Header Files</Filter>
    </ClInclude>
    <ClInclude Include="HOCIForwards.h">
      <Filter>Header Files</Filter>
    </ClInclude>
    <ClInclude Include="HOCIEnums.h">
      <Filter>Header Files</Filter>
    </ClInclude>
    <ClInclude Include="HOCIFunctions.h">
      <Filter>Header Files</Filter>
    </ClInclude>
    <ClInclude Include="HOCIInternal.h">
      <Filter>Header Files</Filter>
    </ClInclude>
    <ClInclude Include="HOCITraits.h">
      <Filter>Header Files</Filter>
    </ClInclude>
    <ClInclude Include="HOCIConstants.h">
      <Filter>Header Files</Filter>
    </ClInclude>
  </ItemGroup>
  <ItemGroup>
    <ClCompile Include="dllmain.cpp">
      <Filter>Source Files</Filter>
    </ClCompile>
    <ClCompile Include="pch.cpp">
      <Filter>Source Files</Filter>
    </ClCompile>
    <ClCompile Include="HOCIFunctions.cpp">
      <Filter>Source Files</Filter>
    </ClCompile>
    <ClCompile Include="HOCIHandleBase.cpp">
      <Filter>Source Files</Filter>
    </ClCompile>
    <ClCompile Include="HOCIEnvironment.cpp">
      <Filter>Source Files</Filter>
    </ClCompile>
    <ClCompile Include="HOCIServer.cpp">
      <Filter>Source Files</Filter>
    </ClCompile>
    <ClCompile Include="HOCIServiceContext.cpp">
      <Filter>Source Files</Filter>
    </ClCompile>
    <ClCompile Include="HOCIStatement.cpp">
      <Filter>Source Files</Filter>
    </ClCompile>
    <ClCompile Include="HOCIDescriptor.cpp">
      <Filter>Source Files</Filter>
    </ClCompile>
    <ClCompile Include="HOCILOBLocatorBase.cpp">
      <Filter>Source Files</Filter>
    </ClCompile>
    <ClCompile Include="HOCIBFILELocator.cpp">
      <Filter>Source Files</Filter>
    </ClCompile>
    <ClCompile Include="HOCIBindBase.cpp">
      <Filter>Source Files</Filter>
    </ClCompile>
    <ClCompile Include="HOCIDynamicBind.cpp">
      <Filter>Source Files</Filter>
    </ClCompile>
    <ClCompile Include="HOCICStringBind.cpp">
      <Filter>Source Files</Filter>
    </ClCompile>
    <ClCompile Include="HOCICStringArrayBind.cpp">
      <Filter>Source Files</Filter>
    </ClCompile>
    <ClCompile Include="HOCIStringBind.cpp">
      <Filter>Source Files</Filter>
    </ClCompile>
    <ClCompile Include="HOCIDateBind.cpp">
      <Filter>Source Files</Filter>
    </ClCompile>
    <ClCompile Include="HOCIDateArrayBind.cpp">
      <Filter>Source Files</Filter>
    </ClCompile>
    <ClCompile Include="HOCIDescriptorBaseBind.cpp">
      <Filter>Source Files</Filter>
    </ClCompile>
    <ClCompile Include="HOCIDescriptorArrayBaseBind.cpp">
      <Filter>Source Files</Filter>
    </ClCompile>
    <ClCompile Include="HOCIBlobBind.cpp">
      <Filter>Source Files</Filter>
    </ClCompile>
    <ClCompile Include="HOCIBinaryBind.cpp">
      <Filter>Source Files</Filter>
    </ClCompile>
    <ClCompile Include="HOCIBinaryDynamicBind.cpp">
      <Filter>Source Files</Filter>
    </ClCompile>
    <ClCompile Include="HOCIRefCursorBind.cpp">
      <Filter>Source Files</Filter>
    </ClCompile>
    <ClCompile Include="HOCIDefineBase.cpp">
      <Filter>Source Files</Filter>
    </ClCompile>
    <ClCompile Include="HOCIDefine.cpp">
      <Filter>Source Files</Filter>
    </ClCompile>
    <ClCompile Include="HOCIDynamicDefine.cpp">
      <Filter>Source Files</Filter>
    </ClCompile>
    <ClCompile Include="HOCIDynamicLongRawDefine.cpp">
      <Filter>Source Files</Filter>
    </ClCompile>
    <ClCompile Include="HOCICStringDefine.cpp">
      <Filter>Source Files</Filter>
    </ClCompile>
    <ClCompile Include="HOCIObjectDefine.cpp">
      <Filter>Source Files</Filter>
    </ClCompile>
    <ClCompile Include="HOCICollectionDefine.cpp">
      <Filter>Source Files</Filter>
    </ClCompile>
    <ClCompile Include="HOCIDataReader.cpp">
      <Filter>Source Files</Filter>
    </ClCompile>
    <ClCompile Include="HOCIParameterDescriptor.cpp">
      <Filter>Source Files</Filter>
    </ClCompile>
    <ClCompile Include="HOCITypeInfo.cpp">
      <Filter>Source Files</Filter>
    </ClCompile>
    <ClCompile Include="HOCIDescribe.cpp">
      <Filter>Source Files</Filter>
    </ClCompile>
    <ClCompile Include="HOCIObjectBase.cpp">
      <Filter>Source Files</Filter>
    </ClCompile>
    <ClCompile Include="HOCILobStream.cpp">
      <Filter>Source Files</Filter>
    </ClCompile>
    <ClCompile Include="HOCIDescriptorBaseDefine.cpp">
      <Filter>Source Files</Filter>
    </ClCompile>
    <ClCompile Include="HOCITableViewBaseDescriptor.cpp">
      <Filter>Source Files</Filter>
    </ClCompile>
    <ClCompile Include="HOCIArrayDefine.cpp">
      <Filter>Source Files</Filter>
    </ClCompile>
    <ClCompile Include="HOCIArrayDataReader.cpp">
      <Filter>Source Files</Filter>
    </ClCompile>
    <ClCompile Include="HOCICStringArrayDefine.cpp">
      <Filter>Source Files</Filter>
    </ClCompile>
    <ClCompile Include="HOCIDescriptorBaseArrayDefine.cpp">
      <Filter>Source Files</Filter>
    </ClCompile>
    <ClCompile Include="HOCIErrorHandle.cpp">
      <Filter>Source Files</Filter>
    </ClCompile>
    <ClCompile Include="HOCIVarBinaryDefine.cpp">
      <Filter>Source Files</Filter>
    </ClCompile>
    <ClCompile Include="HOCIVarBinaryArrayDefine.cpp">
      <Filter>Source Files</Filter>
    </ClCompile>
    <ClCompile Include="HOCIBinaryDefine.cpp">
      <Filter>Source Files</Filter>
    </ClCompile>
    <ClCompile Include="HOCIBinaryArrayDefine.cpp">
      <Filter>Source Files</Filter>
    </ClCompile>
    <ClCompile Include="HOCIListDescriptor.cpp">
      <Filter>Source Files</Filter>
    </ClCompile>
    <ClCompile Include="HOCIDatabaseDescriptor.cpp">
      <Filter>Source Files</Filter>
    </ClCompile>
    <ClCompile Include="HOCISchemaDescriptor.cpp">
      <Filter>Source Files</Filter>
    </ClCompile>
    <ClCompile Include="HOCIMDatabase.cpp">
      <Filter>Source Files</Filter>
    </ClCompile>
    <ClCompile Include="HOCIMSchema.cpp">
      <Filter>Source Files</Filter>
    </ClCompile>
    <ClCompile Include="HOCIMMetadataObject.cpp">
      <Filter>Source Files</Filter>
    </ClCompile>
    <ClCompile Include="HOCIMTableOrView.cpp">
      <Filter>Source Files</Filter>
    </ClCompile>
    <ClCompile Include="HOCIMColumn.cpp">
      <Filter>Source Files</Filter>
    </ClCompile>
  </ItemGroup>
</Project>