<?xml version="1.0" encoding="utf-8"?>
<Project ToolsVersion="4.0" xmlns="http://schemas.microsoft.com/developer/msbuild/2003">
  <ItemGroup>
    <Filter Include="Source Files">
      <UniqueIdentifier>{4FC737F1-C7A5-4376-A066-2A32D752A2FF}</UniqueIdentifier>
      <Extensions>cpp;c;cc;cxx;c++;cppm;ixx;def;odl;idl;hpj;bat;asm;asmx</Extensions>
    </Filter>
    <Filter Include="Header Files">
      <UniqueIdentifier>{93995380-89BD-4b04-88EB-625FBE52EBFB}</UniqueIdentifier>
      <Extensions>h;hh;hpp;hxx;h++;hm;inl;inc;ipp;xsd</Extensions>
    </Filter>
    <Filter Include="Resource Files">
      <UniqueIdentifier>{67DA6AB6-F800-4c08-8B7A-83BB121AAD01}</UniqueIdentifier>
      <Extensions>rc;ico;cur;bmp;dlg;rc2;rct;bin;rgs;gif;jpg;jpeg;jpe;resx;tiff;tif;png;wav;mfcribbon-ms</Extensions>
    </Filter>
  </ItemGroup>
  <ItemGroup>
    <ClInclude Include="pch.h">
      <Filter>Header Files</Filter>
    </ClInclude>
    <ClInclude Include="HWDef.h">
      <Filter>Header Files</Filter>
    </ClInclude>
    <ClInclude Include="HWControl.h">
      <Filter>Header Files</Filter>
    </ClInclude>
    <ClInclude Include="HWMessage.h">
      <Filter>Header Files</Filter>
    </ClInclude>
    <ClInclude Include="HWKeys.h">
      <Filter>Header Files</Filter>
    </ClInclude>
    <ClInclude Include="HWWindowClass.h">
      <Filter>Header Files</Filter>
    </ClInclude>
    <ClInclude Include="HWHandles.h">
      <Filter>Header Files</Filter>
    </ClInclude>
    <ClInclude Include="HWImaging.h">
      <Filter>Header Files</Filter>
    </ClInclude>
    <ClInclude Include="HWApplication.h">
      <Filter>Header Files</Filter>
    </ClInclude>
    <ClInclude Include="HWScrollableControl.h">
      <Filter>Header Files</Filter>
    </ClInclude>
    <ClInclude Include="HWContainerControl.h">
      <Filter>Header Files</Filter>
    </ClInclude>
    <ClInclude Include="HWMenu.h">
      <Filter>Header Files</Filter>
    </ClInclude>
    <ClInclude Include="HWForm.h">
      <Filter>Header Files</Filter>
    </ClInclude>
    <ClInclude Include="HWGraphics.h">
      <Filter>Header Files</Filter>
    </ClInclude>
    <ClInclude Include="HWFileDialog.h">
      <Filter>Header Files</Filter>
    </ClInclude>
    <ClInclude Include="HWStdCtrls.h">
      <Filter>Header Files</Filter>
    </ClInclude>
    <ClInclude Include="HWEnvironment.h">
      <Filter>Header Files</Filter>
    </ClInclude>
    <ClInclude Include="HWCommon.h">
      <Filter>Header Files</Filter>
    </ClInclude>
    <ClInclude Include="HWDXGI.h">
      <Filter>Header Files</Filter>
    </ClInclude>
    <ClInclude Include="HWMouseButton.h">
      <Filter>Header Files</Filter>
    </ClInclude>
    <ClInclude Include="HWApplicationOptions.h">
      <Filter>Header Files</Filter>
    </ClInclude>
    <ClInclude Include="HWSkia.h">
      <Filter>Header Files</Filter>
    </ClInclude>
    <ClInclude Include="HWGraphicsD3D12.h">
      <Filter>Header Files</Filter>
    </ClInclude>
    <ClInclude Include="HWImGui.h">
      <Filter>Header Files</Filter>
    </ClInclude>
    <ClInclude Include="HWDXApplication.h">
      <Filter>Header Files</Filter>
    </ClInclude>
    <ClInclude Include="HWGraphicsD3Common.h">
      <Filter>Header Files</Filter>
    </ClInclude>
    <ClInclude Include="HWFonts.h">
      <Filter>Header Files</Filter>
    </ClInclude>
    <ClInclude Include="HWDWrite.h">
      <Filter>Header Files</Filter>
    </ClInclude>
    <ClInclude Include="HWDocumentTarget.h">
      <Filter>Header Files</Filter>
    </ClInclude>
    <ClInclude Include="HWGraphicsD3D12Video.h">
      <Filter>Header Files</Filter>
    </ClInclude>
    <ClInclude Include="HWMFIDL.h">
      <Filter>Header Files</Filter>
    </ClInclude>
    <ClInclude Include="HWMediaObj.h">
      <Filter>Header Files</Filter>
    </ClInclude>
    <ClInclude Include="HWMFObjects.h">
      <Filter>Header Files</Filter>
    </ClInclude>
    <ClInclude Include="HWDCompAnimation.h">
      <Filter>Header Files</Filter>
    </ClInclude>
    <ClInclude Include="HWDComp.h">
      <Filter>Header Files</Filter>
    </ClInclude>
    <ClInclude Include="HWEvr.h">
      <Filter>Header Files</Filter>
    </ClInclude>
    <ClInclude Include="HWMediaFoundation.h">
      <Filter>Header Files</Filter>
    </ClInclude>
    <ClInclude Include="HWGraphicsD3D11.h">
      <Filter>Header Files</Filter>
    </ClInclude>
    <ClInclude Include="HWGraphicsD3D11On12.h">
      <Filter>Header Files</Filter>
    </ClInclude>
    <ClInclude Include="HWMMDeviceApi.h">
      <Filter>Header Files</Filter>
    </ClInclude>
    <ClInclude Include="HWCameraUIControl.h">
      <Filter>Header Files</Filter>
    </ClInclude>
    <ClInclude Include="HWICodecApi.h">
      <Filter>Header Files</Filter>
    </ClInclude>
    <ClInclude Include="HWMFObjectsTypes.h">
      <Filter>Header Files</Filter>
    </ClInclude>
    <ClInclude Include="HWStrmif.h">
      <Filter>Header Files</Filter>
    </ClInclude>
    <ClInclude Include="HWStreamingMediaSink.h">
      <Filter>Header Files</Filter>
    </ClInclude>
    <ClInclude Include="HWMFTransform.h">
      <Filter>Header Files</Filter>
    </ClInclude>
    <ClInclude Include="HWMFReadWrite.h">
      <Filter>Header Files</Filter>
    </ClInclude>
    <ClInclude Include="HWDXVA2Api.h">
      <Filter>Header Files</Filter>
    </ClInclude>
    <ClInclude Include="HWGraphicsD3D12SdkLayers.h">
      <Filter>Header Files</Filter>
    </ClInclude>
    <ClInclude Include="HWGraphicsD3D12Ex.h">
      <Filter>Header Files</Filter>
    </ClInclude>
    <ClInclude Include="HWDXGIFormat.h">
      <Filter>Header Files</Filter>
    </ClInclude>
    <ClInclude Include="HWMFLive555.h">
      <Filter>Header Files</Filter>
    </ClInclude>
    <ClInclude Include="HWColor.h">
      <Filter>Header Files</Filter>
    </ClInclude>
    <ClInclude Include="HWDirectML.h">
      <Filter>Header Files</Filter>
    </ClInclude>
  </ItemGroup>
  <ItemGroup>
    <ClCompile Include="dllmain.cpp">
      <Filter>Source Files</Filter>
    </ClCompile>
    <ClCompile Include="pch.cpp">
      <Filter>Source Files</Filter>
    </ClCompile>
    <ClCompile Include="HWWindowClass.cpp">
      <Filter>Source Files</Filter>
    </ClCompile>
    <ClCompile Include="HWHandles.cpp">
      <Filter>Source Files</Filter>
    </ClCompile>
    <ClCompile Include="HWImaging.cpp">
      <Filter>Source Files</Filter>
    </ClCompile>
    <ClCompile Include="HWControl.cpp">
      <Filter>Source Files</Filter>
    </ClCompile>
    <ClCompile Include="HWApplication.cpp">
      <Filter>Source Files</Filter>
    </ClCompile>
    <ClCompile Include="HWMenu.cpp">
      <Filter>Source Files</Filter>
    </ClCompile>
    <ClCompile Include="HWForm.cpp">
      <Filter>Source Files</Filter>
    </ClCompile>
    <ClCompile Include="HWGraphics.cpp">
      <Filter>Source Files</Filter>
    </ClCompile>
    <ClCompile Include="HWFileDialog.cpp">
      <Filter>Source Files</Filter>
    </ClCompile>
    <ClCompile Include="HWStdCtrls.cpp">
      <Filter>Source Files</Filter>
    </ClCompile>
    <ClCompile Include="HWEnvironment.cpp">
      <Filter>Source Files</Filter>
    </ClCompile>
    <ClCompile Include="HWGraphicsD3D12.cpp">
      <Filter>Source Files</Filter>
    </ClCompile>
    <ClCompile Include="HWDXApplication.cpp">
      <Filter>Source Files</Filter>
    </ClCompile>
    <ClCompile Include="HWDWrite.cpp">
      <Filter>Source Files</Filter>
    </ClCompile>
    <ClCompile Include="HWMediaObj.cpp">
      <Filter>Source Files</Filter>
    </ClCompile>
    <ClCompile Include="HWMFObjects.cpp">
      <Filter>Source Files</Filter>
    </ClCompile>
    <ClCompile Include="HWMFIDL.cpp">
      <Filter>Source Files</Filter>
    </ClCompile>
    <ClCompile Include="HWMediaFoundation.cpp">
      <Filter>Source Files</Filter>
    </ClCompile>
    <ClCompile Include="HWGraphicsD3D11.cpp">
      <Filter>Source Files</Filter>
    </ClCompile>
    <ClCompile Include="HWStrmif.cpp">
      <Filter>Source Files</Filter>
    </ClCompile>
  </ItemGroup>
</Project>