<?xml version="1.0" encoding="utf-8"?>
<Project ToolsVersion="4.0" xmlns="http://schemas.microsoft.com/developer/msbuild/2003">
  <ItemGroup>
    <Filter Include="Source Files">
      <UniqueIdentifier>{4FC737F1-C7A5-4376-A066-2A32D752A2FF}</UniqueIdentifier>
      <Extensions>cpp;c;cc;cxx;c++;cppm;ixx;def;odl;idl;hpj;bat;asm;asmx</Extensions>
    </Filter>
    <Filter Include="Header Files">
      <UniqueIdentifier>{93995380-89BD-4b04-88EB-625FBE52EBFB}</UniqueIdentifier>
      <Extensions>h;hh;hpp;hxx;h++;hm;inl;inc;ipp;xsd</Extensions>
    </Filter>
    <Filter Include="Resource Files">
      <UniqueIdentifier>{67DA6AB6-F800-4c08-8B7A-83BB121AAD01}</UniqueIdentifier>
      <Extensions>rc;ico;cur;bmp;dlg;rc2;rct;bin;rgs;gif;jpg;jpeg;jpe;resx;tiff;tif;png;wav;mfcribbon-ms</Extensions>
    </Filter>
  </ItemGroup>
  <ItemGroup>
    <ClCompile Include="Harlinn.Common.Core.Math.Tests.cpp">
      <Filter>Source Files</Filter>
    </ClCompile>
    <ClCompile Include="SquareMatrix4FloatTests.cpp">
      <Filter>Source Files</Filter>
    </ClCompile>
    <ClCompile Include="pch.cpp">
      <Filter>Source Files</Filter>
    </ClCompile>
    <ClCompile Include="MathMatrixTests.cpp">
      <Filter>Source Files</Filter>
    </ClCompile>
    <ClCompile Include="MathTests.cpp">
      <Filter>Source Files</Filter>
    </ClCompile>
    <ClCompile Include="MathVector2DoubleTests.cpp">
      <Filter>Source Files</Filter>
    </ClCompile>
    <ClCompile Include="MathVector2FloatTests.cpp">
      <Filter>Source Files</Filter>
    </ClCompile>
    <ClCompile Include="MathVector3DoubleTests.cpp">
      <Filter>Source Files</Filter>
    </ClCompile>
    <ClCompile Include="MathVector3FloatTests.cpp">
      <Filter>Source Files</Filter>
    </ClCompile>
    <ClCompile Include="MathVector4DoubleTests.cpp">
      <Filter>Source Files</Filter>
    </ClCompile>
    <ClCompile Include="MathVector4FloatTests.cpp">
      <Filter>Source Files</Filter>
    </ClCompile>
    <ClCompile Include="SIMDDoubleTests.cpp">
      <Filter>Source Files</Filter>
    </ClCompile>
    <ClCompile Include="SIMDFloatTests.cpp">
      <Filter>Source Files</Filter>
    </ClCompile>
    <ClCompile Include="TruncTests.cpp">
      <Filter>Source Files</Filter>
    </ClCompile>
    <ClCompile Include="SIMDByteTests.cpp">
      <Filter>Source Files</Filter>
    </ClCompile>
    <ClCompile Include="SquareMatrix2FloatTests.cpp">
      <Filter>Source Files</Filter>
    </ClCompile>
    <ClCompile Include="SquareMatrix3Tests.cpp">
      <Filter>Source Files</Filter>
    </ClCompile>
    <ClCompile Include="Transform3DTests.cpp">
      <Filter>Source Files</Filter>
    </ClCompile>
  </ItemGroup>
  <ItemGroup>
    <ClInclude Include="pch.h">
      <Filter>Header Files</Filter>
    </ClInclude>
  </ItemGroup>
</Project>